// !$*UTF8*$!
{
	archiveVersion = 1;
	classes = {
	};
	objectVersion = 46;
	objects = {

/* Begin PBXBuildFile section */
		B242B5311C8A94AD008E56DE /* pageseg.cpp in Sources */ = {isa = PBXBuildFile; fileRef = B242B52F1C8A94AD008E56DE /* pageseg.cpp */; };
		B242B5341C8AA44B008E56DE /* image_processing_util.cpp in Sources */ = {isa = PBXBuildFile; fileRef = B242B5321C8AA44B008E56DE /* image_processing_util.cpp */; };
		B242B5371C8AA82C008E56DE /* dewarp.cpp in Sources */ = {isa = PBXBuildFile; fileRef = B242B5361C8AA82C008E56DE /* dewarp.cpp */; };
		B26DE9E31C143C9300D73678 /* RunningStats.cpp in Sources */ = {isa = PBXBuildFile; fileRef = B26DE9E11C143C9300D73678 /* RunningStats.cpp */; };
		B29E1CFA1BE486670023496D /* PixAdaptiveBinarizer.cpp in Sources */ = {isa = PBXBuildFile; fileRef = B29E1CF61BE486670023496D /* PixAdaptiveBinarizer.cpp */; };
		B29E1CFB1BE486670023496D /* TimerUtil.cpp in Sources */ = {isa = PBXBuildFile; fileRef = B29E1CF81BE486670023496D /* TimerUtil.cpp */; };
		B29EF1181BBFAEFA00888B3D /* main.cpp in Sources */ = {isa = PBXBuildFile; fileRef = B29EF1171BBFAEFA00888B3D /* main.cpp */; };
		B29EF1F11BBFB20400888B3D /* adaptmap.c in Sources */ = {isa = PBXBuildFile; fileRef = B29EF1221BBFB17700888B3D /* adaptmap.c */; };
		B29EF1F21BBFB20400888B3D /* affine.c in Sources */ = {isa = PBXBuildFile; fileRef = B29EF1231BBFB17700888B3D /* affine.c */; };
		B29EF1F31BBFB20400888B3D /* affinecompose.c in Sources */ = {isa = PBXBuildFile; fileRef = B29EF1241BBFB17700888B3D /* affinecompose.c */; };
		B29EF1F91BBFB20400888B3D /* arrayaccess.c in Sources */ = {isa = PBXBuildFile; fileRef = B29EF12A1BBFB17700888B3D /* arrayaccess.c */; };
		B29EF1FB1BBFB20400888B3D /* bardecode.c in Sources */ = {isa = PBXBuildFile; fileRef = B29EF12C1BBFB17700888B3D /* bardecode.c */; };
		B29EF1FC1BBFB20400888B3D /* baseline.c in Sources */ = {isa = PBXBuildFile; fileRef = B29EF12D1BBFB17700888B3D /* baseline.c */; };
		B29EF1FD1BBFB20400888B3D /* bbuffer.c in Sources */ = {isa = PBXBuildFile; fileRef = B29EF12E1BBFB17700888B3D /* bbuffer.c */; };
		B29EF1FF1BBFB20400888B3D /* bilateral.c in Sources */ = {isa = PBXBuildFile; fileRef = B29EF1301BBFB17700888B3D /* bilateral.c */; };
		B29EF2011BBFB20400888B3D /* bilinear.c in Sources */ = {isa = PBXBuildFile; fileRef = B29EF1321BBFB17700888B3D /* bilinear.c */; };
		B29EF2021BBFB20400888B3D /* binarize.c in Sources */ = {isa = PBXBuildFile; fileRef = B29EF1331BBFB17700888B3D /* binarize.c */; };
		B29EF2031BBFB20400888B3D /* binexpand.c in Sources */ = {isa = PBXBuildFile; fileRef = B29EF1341BBFB17700888B3D /* binexpand.c */; };
		B29EF2041BBFB20400888B3D /* binreduce.c in Sources */ = {isa = PBXBuildFile; fileRef = B29EF1351BBFB17700888B3D /* binreduce.c */; };
		B29EF2051BBFB20400888B3D /* blend.c in Sources */ = {isa = PBXBuildFile; fileRef = B29EF1361BBFB17700888B3D /* blend.c */; };
		B29EF2061BBFB20400888B3D /* bmf.c in Sources */ = {isa = PBXBuildFile; fileRef = B29EF1371BBFB17700888B3D /* bmf.c */; };
		B29EF2091BBFB20400888B3D /* bmpio.c in Sources */ = {isa = PBXBuildFile; fileRef = B29EF13A1BBFB17700888B3D /* bmpio.c */; };
		B29EF20A1BBFB20400888B3D /* bmpiostub.c in Sources */ = {isa = PBXBuildFile; fileRef = B29EF13B1BBFB17700888B3D /* bmpiostub.c */; };
		B29EF20B1BBFB20400888B3D /* boxbasic.c in Sources */ = {isa = PBXBuildFile; fileRef = B29EF13C1BBFB17700888B3D /* boxbasic.c */; };
		B29EF20C1BBFB20400888B3D /* boxfunc1.c in Sources */ = {isa = PBXBuildFile; fileRef = B29EF13D1BBFB17700888B3D /* boxfunc1.c */; };
		B29EF20D1BBFB20400888B3D /* boxfunc2.c in Sources */ = {isa = PBXBuildFile; fileRef = B29EF13E1BBFB17700888B3D /* boxfunc2.c */; };
		B29EF20E1BBFB20400888B3D /* boxfunc3.c in Sources */ = {isa = PBXBuildFile; fileRef = B29EF13F1BBFB17700888B3D /* boxfunc3.c */; };
		B29EF20F1BBFB20400888B3D /* boxfunc4.c in Sources */ = {isa = PBXBuildFile; fileRef = B29EF1401BBFB17700888B3D /* boxfunc4.c */; };
		B29EF2101BBFB20400888B3D /* bytearray.c in Sources */ = {isa = PBXBuildFile; fileRef = B29EF1411BBFB17700888B3D /* bytearray.c */; };
		B29EF2111BBFB20400888B3D /* ccbord.c in Sources */ = {isa = PBXBuildFile; fileRef = B29EF1421BBFB17700888B3D /* ccbord.c */; };
		B29EF2131BBFB20400888B3D /* ccthin.c in Sources */ = {isa = PBXBuildFile; fileRef = B29EF1441BBFB17700888B3D /* ccthin.c */; };
		B29EF2141BBFB20400888B3D /* classapp.c in Sources */ = {isa = PBXBuildFile; fileRef = B29EF1451BBFB17700888B3D /* classapp.c */; };
		B29EF2151BBFB20400888B3D /* colorcontent.c in Sources */ = {isa = PBXBuildFile; fileRef = B29EF1461BBFB17700888B3D /* colorcontent.c */; };
		B29EF2161BBFB20400888B3D /* coloring.c in Sources */ = {isa = PBXBuildFile; fileRef = B29EF1471BBFB17700888B3D /* coloring.c */; };
		B29EF2171BBFB20400888B3D /* colormap.c in Sources */ = {isa = PBXBuildFile; fileRef = B29EF1481BBFB17700888B3D /* colormap.c */; };
		B29EF2181BBFB20400888B3D /* colormorph.c in Sources */ = {isa = PBXBuildFile; fileRef = B29EF1491BBFB17700888B3D /* colormorph.c */; };
		B29EF2191BBFB20400888B3D /* colorquant1.c in Sources */ = {isa = PBXBuildFile; fileRef = B29EF14A1BBFB17700888B3D /* colorquant1.c */; };
		B29EF21A1BBFB20400888B3D /* colorquant2.c in Sources */ = {isa = PBXBuildFile; fileRef = B29EF14B1BBFB17700888B3D /* colorquant2.c */; };
		B29EF21B1BBFB20400888B3D /* colorseg.c in Sources */ = {isa = PBXBuildFile; fileRef = B29EF14C1BBFB17700888B3D /* colorseg.c */; };
		B29EF21C1BBFB20400888B3D /* colorspace.c in Sources */ = {isa = PBXBuildFile; fileRef = B29EF14D1BBFB17700888B3D /* colorspace.c */; };
		B29EF21D1BBFB20400888B3D /* compare.c in Sources */ = {isa = PBXBuildFile; fileRef = B29EF14E1BBFB17700888B3D /* compare.c */; };
		B29EF21E1BBFB20400888B3D /* conncomp.c in Sources */ = {isa = PBXBuildFile; fileRef = B29EF14F1BBFB17700888B3D /* conncomp.c */; };
		B29EF21F1BBFB20400888B3D /* convertfiles.c in Sources */ = {isa = PBXBuildFile; fileRef = B29EF1501BBFB17700888B3D /* convertfiles.c */; };
		B29EF2201BBFB20400888B3D /* convolve.c in Sources */ = {isa = PBXBuildFile; fileRef = B29EF1511BBFB17700888B3D /* convolve.c */; };
		B29EF2211BBFB20400888B3D /* convolvelow.c in Sources */ = {isa = PBXBuildFile; fileRef = B29EF1521BBFB17700888B3D /* convolvelow.c */; };
		B29EF2221BBFB20400888B3D /* correlscore.c in Sources */ = {isa = PBXBuildFile; fileRef = B29EF1531BBFB17700888B3D /* correlscore.c */; };
		B29EF2241BBFB20400888B3D /* dewarp1.c in Sources */ = {isa = PBXBuildFile; fileRef = B29EF1551BBFB17700888B3D /* dewarp1.c */; };
		B29EF2251BBFB20400888B3D /* dewarp2.c in Sources */ = {isa = PBXBuildFile; fileRef = B29EF1561BBFB17700888B3D /* dewarp2.c */; };
		B29EF2261BBFB20400888B3D /* dewarp3.c in Sources */ = {isa = PBXBuildFile; fileRef = B29EF1571BBFB17700888B3D /* dewarp3.c */; };
		B29EF2271BBFB20400888B3D /* dewarp4.c in Sources */ = {isa = PBXBuildFile; fileRef = B29EF1581BBFB17700888B3D /* dewarp4.c */; };
		B29EF2281BBFB20400888B3D /* dnabasic.c in Sources */ = {isa = PBXBuildFile; fileRef = B29EF1591BBFB17700888B3D /* dnabasic.c */; };
		B29EF2291BBFB20400888B3D /* dwacomb.2.c in Sources */ = {isa = PBXBuildFile; fileRef = B29EF15A1BBFB17700888B3D /* dwacomb.2.c */; };
		B29EF22A1BBFB20400888B3D /* dwacomblow.2.c in Sources */ = {isa = PBXBuildFile; fileRef = B29EF15B1BBFB17700888B3D /* dwacomblow.2.c */; };
		B29EF22B1BBFB20400888B3D /* edge.c in Sources */ = {isa = PBXBuildFile; fileRef = B29EF15C1BBFB17700888B3D /* edge.c */; };
		B29EF22F1BBFB20400888B3D /* enhance.c in Sources */ = {isa = PBXBuildFile; fileRef = B29EF1601BBFB17700888B3D /* enhance.c */; };
		B29EF2311BBFB20400888B3D /* fhmtauto.c in Sources */ = {isa = PBXBuildFile; fileRef = B29EF1621BBFB17700888B3D /* fhmtauto.c */; };
		B29EF2321BBFB20400888B3D /* fhmtgen.1.c in Sources */ = {isa = PBXBuildFile; fileRef = B29EF1631BBFB17700888B3D /* fhmtgen.1.c */; };
		B29EF2331BBFB20400888B3D /* fhmtgenlow.1.c in Sources */ = {isa = PBXBuildFile; fileRef = B29EF1641BBFB17700888B3D /* fhmtgenlow.1.c */; };
		B29EF2341BBFB20400888B3D /* finditalic.c in Sources */ = {isa = PBXBuildFile; fileRef = B29EF1651BBFB17700888B3D /* finditalic.c */; };
		B29EF2351BBFB20400888B3D /* flipdetect.c in Sources */ = {isa = PBXBuildFile; fileRef = B29EF1661BBFB17700888B3D /* flipdetect.c */; };
		B29EF2361BBFB20400888B3D /* fliphmtgen.c in Sources */ = {isa = PBXBuildFile; fileRef = B29EF1671BBFB17700888B3D /* fliphmtgen.c */; };
		B29EF2371BBFB20400888B3D /* fmorphauto.c in Sources */ = {isa = PBXBuildFile; fileRef = B29EF1681BBFB17700888B3D /* fmorphauto.c */; };
		B29EF2381BBFB20400888B3D /* fmorphgen.1.c in Sources */ = {isa = PBXBuildFile; fileRef = B29EF1691BBFB17700888B3D /* fmorphgen.1.c */; };
		B29EF2391BBFB20400888B3D /* fmorphgenlow.1.c in Sources */ = {isa = PBXBuildFile; fileRef = B29EF16A1BBFB17700888B3D /* fmorphgenlow.1.c */; };
		B29EF23A1BBFB20400888B3D /* fpix1.c in Sources */ = {isa = PBXBuildFile; fileRef = B29EF16B1BBFB17700888B3D /* fpix1.c */; };
		B29EF23B1BBFB20400888B3D /* fpix2.c in Sources */ = {isa = PBXBuildFile; fileRef = B29EF16C1BBFB17700888B3D /* fpix2.c */; };
		B29EF23D1BBFB20400888B3D /* gifio.c in Sources */ = {isa = PBXBuildFile; fileRef = B29EF16E1BBFB17700888B3D /* gifio.c */; };
		B29EF23E1BBFB20400888B3D /* gifiostub.c in Sources */ = {isa = PBXBuildFile; fileRef = B29EF16F1BBFB17700888B3D /* gifiostub.c */; };
		B29EF23F1BBFB20400888B3D /* gplot.c in Sources */ = {isa = PBXBuildFile; fileRef = B29EF1701BBFB17700888B3D /* gplot.c */; };
		B29EF2411BBFB20400888B3D /* graphics.c in Sources */ = {isa = PBXBuildFile; fileRef = B29EF1721BBFB17700888B3D /* graphics.c */; };
		B29EF2421BBFB20400888B3D /* graymorph.c in Sources */ = {isa = PBXBuildFile; fileRef = B29EF1731BBFB17700888B3D /* graymorph.c */; };
		B29EF2431BBFB20400888B3D /* graymorphlow.c in Sources */ = {isa = PBXBuildFile; fileRef = B29EF1741BBFB17700888B3D /* graymorphlow.c */; };
		B29EF2441BBFB20400888B3D /* grayquant.c in Sources */ = {isa = PBXBuildFile; fileRef = B29EF1751BBFB17700888B3D /* grayquant.c */; };
		B29EF2451BBFB20400888B3D /* grayquantlow.c in Sources */ = {isa = PBXBuildFile; fileRef = B29EF1761BBFB17700888B3D /* grayquantlow.c */; };
		B29EF2461BBFB20400888B3D /* heap.c in Sources */ = {isa = PBXBuildFile; fileRef = B29EF1771BBFB17700888B3D /* heap.c */; };
		B29EF24B1BBFB20400888B3D /* jbclass.c in Sources */ = {isa = PBXBuildFile; fileRef = B29EF17C1BBFB17700888B3D /* jbclass.c */; };
		B29EF24D1BBFB20400888B3D /* jp2kheader.c in Sources */ = {isa = PBXBuildFile; fileRef = B29EF17E1BBFB17700888B3D /* jp2kheader.c */; };
		B29EF24E1BBFB20400888B3D /* jp2kheaderstub.c in Sources */ = {isa = PBXBuildFile; fileRef = B29EF17F1BBFB17700888B3D /* jp2kheaderstub.c */; };
		B29EF24F1BBFB20400888B3D /* jp2kio.c in Sources */ = {isa = PBXBuildFile; fileRef = B29EF1801BBFB17700888B3D /* jp2kio.c */; };
		B29EF2501BBFB20400888B3D /* jp2kiostub.c in Sources */ = {isa = PBXBuildFile; fileRef = B29EF1811BBFB17700888B3D /* jp2kiostub.c */; };
		B29EF2511BBFB20400888B3D /* jpegio.c in Sources */ = {isa = PBXBuildFile; fileRef = B29EF1821BBFB17700888B3D /* jpegio.c */; };
		B29EF2521BBFB20400888B3D /* jpegiostub.c in Sources */ = {isa = PBXBuildFile; fileRef = B29EF1831BBFB17700888B3D /* jpegiostub.c */; };
		B29EF2531BBFB20400888B3D /* kernel.c in Sources */ = {isa = PBXBuildFile; fileRef = B29EF1841BBFB17700888B3D /* kernel.c */; };
		B29EF2551BBFB20400888B3D /* leptwin.c in Sources */ = {isa = PBXBuildFile; fileRef = B29EF1861BBFB17700888B3D /* leptwin.c */; };
		B29EF2571BBFB20400888B3D /* libversions.c in Sources */ = {isa = PBXBuildFile; fileRef = B29EF1881BBFB17700888B3D /* libversions.c */; };
		B29EF2581BBFB20400888B3D /* list.c in Sources */ = {isa = PBXBuildFile; fileRef = B29EF1891BBFB17700888B3D /* list.c */; };
		B29EF25E1BBFB20400888B3D /* morph.c in Sources */ = {isa = PBXBuildFile; fileRef = B29EF18F1BBFB17700888B3D /* morph.c */; };
		B29EF2601BBFB20400888B3D /* morphapp.c in Sources */ = {isa = PBXBuildFile; fileRef = B29EF1911BBFB17700888B3D /* morphapp.c */; };
		B29EF2611BBFB20400888B3D /* morphdwa.c in Sources */ = {isa = PBXBuildFile; fileRef = B29EF1921BBFB17700888B3D /* morphdwa.c */; };
		B29EF2621BBFB20400888B3D /* morphseq.c in Sources */ = {isa = PBXBuildFile; fileRef = B29EF1931BBFB17700888B3D /* morphseq.c */; };
		B29EF2651BBFB20400888B3D /* numabasic.c in Sources */ = {isa = PBXBuildFile; fileRef = B29EF1961BBFB17700888B3D /* numabasic.c */; };
		B29EF2661BBFB20400888B3D /* numafunc1.c in Sources */ = {isa = PBXBuildFile; fileRef = B29EF1971BBFB17700888B3D /* numafunc1.c */; };
		B29EF2671BBFB20400888B3D /* numafunc2.c in Sources */ = {isa = PBXBuildFile; fileRef = B29EF1981BBFB17700888B3D /* numafunc2.c */; };
		B29EF2681BBFB20400888B3D /* pageseg.c in Sources */ = {isa = PBXBuildFile; fileRef = B29EF1991BBFB17700888B3D /* pageseg.c */; };
		B29EF2691BBFB20400888B3D /* paintcmap.c in Sources */ = {isa = PBXBuildFile; fileRef = B29EF19A1BBFB17700888B3D /* paintcmap.c */; };
		B29EF26A1BBFB20400888B3D /* parseprotos.c in Sources */ = {isa = PBXBuildFile; fileRef = B29EF19B1BBFB17700888B3D /* parseprotos.c */; };
		B29EF26B1BBFB20400888B3D /* partition.c in Sources */ = {isa = PBXBuildFile; fileRef = B29EF19C1BBFB17700888B3D /* partition.c */; };
		B29EF26C1BBFB20400888B3D /* pdfio1.c in Sources */ = {isa = PBXBuildFile; fileRef = B29EF19D1BBFB17700888B3D /* pdfio1.c */; };
		B29EF26D1BBFB20400888B3D /* pdfio1stub.c in Sources */ = {isa = PBXBuildFile; fileRef = B29EF19E1BBFB17700888B3D /* pdfio1stub.c */; };
		B29EF26E1BBFB20400888B3D /* pdfio2.c in Sources */ = {isa = PBXBuildFile; fileRef = B29EF19F1BBFB17700888B3D /* pdfio2.c */; };
		B29EF26F1BBFB20400888B3D /* pdfio2stub.c in Sources */ = {isa = PBXBuildFile; fileRef = B29EF1A01BBFB17700888B3D /* pdfio2stub.c */; };
		B29EF2711BBFB20400888B3D /* pix1.c in Sources */ = {isa = PBXBuildFile; fileRef = B29EF1A21BBFB17700888B3D /* pix1.c */; };
		B29EF2721BBFB20400888B3D /* pix2.c in Sources */ = {isa = PBXBuildFile; fileRef = B29EF1A31BBFB17700888B3D /* pix2.c */; };
		B29EF2731BBFB20400888B3D /* pix3.c in Sources */ = {isa = PBXBuildFile; fileRef = B29EF1A41BBFB17700888B3D /* pix3.c */; };
		B29EF2741BBFB20400888B3D /* pix4.c in Sources */ = {isa = PBXBuildFile; fileRef = B29EF1A51BBFB17700888B3D /* pix4.c */; };
		B29EF2751BBFB20400888B3D /* pix5.c in Sources */ = {isa = PBXBuildFile; fileRef = B29EF1A61BBFB17700888B3D /* pix5.c */; };
		B29EF2761BBFB20400888B3D /* pixabasic.c in Sources */ = {isa = PBXBuildFile; fileRef = B29EF1A71BBFB17700888B3D /* pixabasic.c */; };
		B29EF2771BBFB20400888B3D /* pixacc.c in Sources */ = {isa = PBXBuildFile; fileRef = B29EF1A81BBFB17700888B3D /* pixacc.c */; };
		B29EF2781BBFB20400888B3D /* pixafunc1.c in Sources */ = {isa = PBXBuildFile; fileRef = B29EF1A91BBFB17700888B3D /* pixafunc1.c */; };
		B29EF2791BBFB20400888B3D /* pixafunc2.c in Sources */ = {isa = PBXBuildFile; fileRef = B29EF1AA1BBFB17700888B3D /* pixafunc2.c */; };
		B29EF27A1BBFB20400888B3D /* pixalloc.c in Sources */ = {isa = PBXBuildFile; fileRef = B29EF1AB1BBFB17700888B3D /* pixalloc.c */; };
		B29EF27B1BBFB20400888B3D /* pixarith.c in Sources */ = {isa = PBXBuildFile; fileRef = B29EF1AC1BBFB17700888B3D /* pixarith.c */; };
		B29EF27C1BBFB20400888B3D /* pixcomp.c in Sources */ = {isa = PBXBuildFile; fileRef = B29EF1AD1BBFB17700888B3D /* pixcomp.c */; };
		B29EF27D1BBFB20400888B3D /* pixconv.c in Sources */ = {isa = PBXBuildFile; fileRef = B29EF1AE1BBFB17700888B3D /* pixconv.c */; };
		B29EF27E1BBFB20400888B3D /* pixlabel.c in Sources */ = {isa = PBXBuildFile; fileRef = B29EF1AF1BBFB17700888B3D /* pixlabel.c */; };
		B29EF27F1BBFB20400888B3D /* pixtiling.c in Sources */ = {isa = PBXBuildFile; fileRef = B29EF1B01BBFB17700888B3D /* pixtiling.c */; };
		B29EF2801BBFB20400888B3D /* pngio.c in Sources */ = {isa = PBXBuildFile; fileRef = B29EF1B11BBFB17700888B3D /* pngio.c */; };
		B29EF2811BBFB20400888B3D /* pngiostub.c in Sources */ = {isa = PBXBuildFile; fileRef = B29EF1B21BBFB17700888B3D /* pngiostub.c */; };
		B29EF2821BBFB20400888B3D /* pnmio.c in Sources */ = {isa = PBXBuildFile; fileRef = B29EF1B31BBFB17700888B3D /* pnmio.c */; };
		B29EF2831BBFB20400888B3D /* pnmiostub.c in Sources */ = {isa = PBXBuildFile; fileRef = B29EF1B41BBFB17700888B3D /* pnmiostub.c */; };
		B29EF2841BBFB20400888B3D /* projective.c in Sources */ = {isa = PBXBuildFile; fileRef = B29EF1B51BBFB17700888B3D /* projective.c */; };
		B29EF2851BBFB20400888B3D /* psio1.c in Sources */ = {isa = PBXBuildFile; fileRef = B29EF1B61BBFB17700888B3D /* psio1.c */; };
		B29EF2861BBFB20400888B3D /* psio1stub.c in Sources */ = {isa = PBXBuildFile; fileRef = B29EF1B71BBFB17700888B3D /* psio1stub.c */; };
		B29EF2871BBFB20400888B3D /* psio2.c in Sources */ = {isa = PBXBuildFile; fileRef = B29EF1B81BBFB17700888B3D /* psio2.c */; };
		B29EF2881BBFB20400888B3D /* psio2stub.c in Sources */ = {isa = PBXBuildFile; fileRef = B29EF1B91BBFB17700888B3D /* psio2stub.c */; };
		B29EF2891BBFB20400888B3D /* ptabasic.c in Sources */ = {isa = PBXBuildFile; fileRef = B29EF1BA1BBFB17700888B3D /* ptabasic.c */; };
		B29EF28A1BBFB20400888B3D /* ptafunc1.c in Sources */ = {isa = PBXBuildFile; fileRef = B29EF1BB1BBFB17700888B3D /* ptafunc1.c */; };
		B29EF28B1BBFB20400888B3D /* ptra.c in Sources */ = {isa = PBXBuildFile; fileRef = B29EF1BC1BBFB17700888B3D /* ptra.c */; };
		B29EF28D1BBFB20400888B3D /* quadtree.c in Sources */ = {isa = PBXBuildFile; fileRef = B29EF1BE1BBFB17700888B3D /* quadtree.c */; };
		B29EF28E1BBFB20400888B3D /* queue.c in Sources */ = {isa = PBXBuildFile; fileRef = B29EF1BF1BBFB17700888B3D /* queue.c */; };
		B29EF2901BBFB20400888B3D /* rank.c in Sources */ = {isa = PBXBuildFile; fileRef = B29EF1C11BBFB17700888B3D /* rank.c */; };
		B29EF2911BBFB20400888B3D /* readbarcode.c in Sources */ = {isa = PBXBuildFile; fileRef = B29EF1C21BBFB17700888B3D /* readbarcode.c */; };
		B29EF2931BBFB20400888B3D /* readfile.c in Sources */ = {isa = PBXBuildFile; fileRef = B29EF1C41BBFB17700888B3D /* readfile.c */; };
		B29EF2951BBFB20400888B3D /* recogbasic.c in Sources */ = {isa = PBXBuildFile; fileRef = B29EF1C61BBFB17700888B3D /* recogbasic.c */; };
		B29EF2961BBFB20400888B3D /* recogdid.c in Sources */ = {isa = PBXBuildFile; fileRef = B29EF1C71BBFB17700888B3D /* recogdid.c */; };
		B29EF2971BBFB20400888B3D /* recogident.c in Sources */ = {isa = PBXBuildFile; fileRef = B29EF1C81BBFB17700888B3D /* recogident.c */; };
		B29EF2981BBFB20400888B3D /* recogtrain.c in Sources */ = {isa = PBXBuildFile; fileRef = B29EF1C91BBFB17700888B3D /* recogtrain.c */; };
		B29EF2991BBFB20400888B3D /* regutils.c in Sources */ = {isa = PBXBuildFile; fileRef = B29EF1CA1BBFB17700888B3D /* regutils.c */; };
		B29EF29B1BBFB20400888B3D /* rop.c in Sources */ = {isa = PBXBuildFile; fileRef = B29EF1CC1BBFB17700888B3D /* rop.c */; };
		B29EF29C1BBFB20400888B3D /* ropiplow.c in Sources */ = {isa = PBXBuildFile; fileRef = B29EF1CD1BBFB17700888B3D /* ropiplow.c */; };
		B29EF29D1BBFB20400888B3D /* roplow.c in Sources */ = {isa = PBXBuildFile; fileRef = B29EF1CE1BBFB17700888B3D /* roplow.c */; };
		B29EF29E1BBFB20400888B3D /* rotate.c in Sources */ = {isa = PBXBuildFile; fileRef = B29EF1CF1BBFB17700888B3D /* rotate.c */; };
		B29EF29F1BBFB20400888B3D /* rotateam.c in Sources */ = {isa = PBXBuildFile; fileRef = B29EF1D01BBFB17700888B3D /* rotateam.c */; };
		B29EF2A01BBFB20400888B3D /* rotateamlow.c in Sources */ = {isa = PBXBuildFile; fileRef = B29EF1D11BBFB17700888B3D /* rotateamlow.c */; };
		B29EF2A11BBFB20400888B3D /* rotateorth.c in Sources */ = {isa = PBXBuildFile; fileRef = B29EF1D21BBFB17700888B3D /* rotateorth.c */; };
		B29EF2A21BBFB20400888B3D /* rotateshear.c in Sources */ = {isa = PBXBuildFile; fileRef = B29EF1D31BBFB17700888B3D /* rotateshear.c */; };
		B29EF2A31BBFB20400888B3D /* runlength.c in Sources */ = {isa = PBXBuildFile; fileRef = B29EF1D41BBFB17700888B3D /* runlength.c */; };
		B29EF2A41BBFB20500888B3D /* sarray.c in Sources */ = {isa = PBXBuildFile; fileRef = B29EF1D51BBFB17700888B3D /* sarray.c */; };
		B29EF2A51BBFB20500888B3D /* scale.c in Sources */ = {isa = PBXBuildFile; fileRef = B29EF1D61BBFB17700888B3D /* scale.c */; };
		B29EF2A61BBFB20500888B3D /* scalelow.c in Sources */ = {isa = PBXBuildFile; fileRef = B29EF1D71BBFB17700888B3D /* scalelow.c */; };
		B29EF2A71BBFB20500888B3D /* seedfill.c in Sources */ = {isa = PBXBuildFile; fileRef = B29EF1D81BBFB17700888B3D /* seedfill.c */; };
		B29EF2A81BBFB20500888B3D /* seedfilllow.c in Sources */ = {isa = PBXBuildFile; fileRef = B29EF1D91BBFB17700888B3D /* seedfilllow.c */; };
		B29EF2A91BBFB20500888B3D /* sel1.c in Sources */ = {isa = PBXBuildFile; fileRef = B29EF1DA1BBFB17700888B3D /* sel1.c */; };
		B29EF2AA1BBFB20500888B3D /* sel2.c in Sources */ = {isa = PBXBuildFile; fileRef = B29EF1DB1BBFB17700888B3D /* sel2.c */; };
		B29EF2AB1BBFB20500888B3D /* selgen.c in Sources */ = {isa = PBXBuildFile; fileRef = B29EF1DC1BBFB17700888B3D /* selgen.c */; };
		B29EF2AC1BBFB20500888B3D /* shear.c in Sources */ = {isa = PBXBuildFile; fileRef = B29EF1DD1BBFB17700888B3D /* shear.c */; };
		B29EF2AD1BBFB20500888B3D /* skew.c in Sources */ = {isa = PBXBuildFile; fileRef = B29EF1DE1BBFB17700888B3D /* skew.c */; };
		B29EF2AE1BBFB20500888B3D /* spixio.c in Sources */ = {isa = PBXBuildFile; fileRef = B29EF1DF1BBFB17700888B3D /* spixio.c */; };
		B29EF2AF1BBFB20500888B3D /* stack.c in Sources */ = {isa = PBXBuildFile; fileRef = B29EF1E01BBFB17700888B3D /* stack.c */; };
		B29EF2B11BBFB20500888B3D /* sudoku.c in Sources */ = {isa = PBXBuildFile; fileRef = B29EF1E21BBFB17700888B3D /* sudoku.c */; };
		B29EF2B31BBFB20500888B3D /* textops.c in Sources */ = {isa = PBXBuildFile; fileRef = B29EF1E41BBFB17700888B3D /* textops.c */; };
		B29EF2B41BBFB20500888B3D /* tiffio.c in Sources */ = {isa = PBXBuildFile; fileRef = B29EF1E51BBFB17700888B3D /* tiffio.c */; };
		B29EF2B51BBFB20500888B3D /* tiffiostub.c in Sources */ = {isa = PBXBuildFile; fileRef = B29EF1E61BBFB17700888B3D /* tiffiostub.c */; };
		B29EF2B61BBFB20500888B3D /* utils.c in Sources */ = {isa = PBXBuildFile; fileRef = B29EF1E71BBFB17700888B3D /* utils.c */; };
		B29EF2B71BBFB20500888B3D /* viewfiles.c in Sources */ = {isa = PBXBuildFile; fileRef = B29EF1E81BBFB17700888B3D /* viewfiles.c */; };
		B29EF2B81BBFB20500888B3D /* warper.c in Sources */ = {isa = PBXBuildFile; fileRef = B29EF1E91BBFB17700888B3D /* warper.c */; };
		B29EF2B91BBFB20500888B3D /* watershed.c in Sources */ = {isa = PBXBuildFile; fileRef = B29EF1EA1BBFB17700888B3D /* watershed.c */; };
		B29EF2BB1BBFB20500888B3D /* webpio.c in Sources */ = {isa = PBXBuildFile; fileRef = B29EF1EC1BBFB17700888B3D /* webpio.c */; };
		B29EF2BC1BBFB20500888B3D /* webpiostub.c in Sources */ = {isa = PBXBuildFile; fileRef = B29EF1ED1BBFB17700888B3D /* webpiostub.c */; };
		B29EF2BD1BBFB20500888B3D /* writefile.c in Sources */ = {isa = PBXBuildFile; fileRef = B29EF1EE1BBFB17700888B3D /* writefile.c */; };
		B29EF2BE1BBFB20500888B3D /* zlibmem.c in Sources */ = {isa = PBXBuildFile; fileRef = B29EF1EF1BBFB17700888B3D /* zlibmem.c */; };
		B29EF2BF1BBFB20500888B3D /* zlibmemstub.c in Sources */ = {isa = PBXBuildFile; fileRef = B29EF1F01BBFB17700888B3D /* zlibmemstub.c */; };
		B29EF5D91BBFB39300888B3D /* libjpeg.a in Frameworks */ = {isa = PBXBuildFile; fileRef = B29EF5D81BBFB39300888B3D /* libjpeg.a */; };
		B29EF5E31BBFDEAE00888B3D /* libpng16.a in Frameworks */ = {isa = PBXBuildFile; fileRef = B29EF5E21BBFDEAE00888B3D /* libpng16.a */; };
		B29EF5E51BBFE0A400888B3D /* libz.tbd in Frameworks */ = {isa = PBXBuildFile; fileRef = B29EF5E41BBFE0A400888B3D /* libz.tbd */; };
		B29EF5E91BBFE17500888B3D /* PixBinarizer.cpp in Sources */ = {isa = PBXBuildFile; fileRef = B29EF5E71BBFE17500888B3D /* PixBinarizer.cpp */; };
		B29EF5EC1BBFF72C00888B3D /* binarize.cpp in Sources */ = {isa = PBXBuildFile; fileRef = B29EF5EA1BBFF72C00888B3D /* binarize.cpp */; };
		B2C5B0AF1C660C09000ADD91 /* PixEdgeDetector.cpp in Sources */ = {isa = PBXBuildFile; fileRef = B2C5B0AD1C660C09000ADD91 /* PixEdgeDetector.cpp */; };
/* End PBXBuildFile section */

/* Begin PBXCopyFilesBuildPhase section */
		B29EF1121BBFAEFA00888B3D /* CopyFiles */ = {
			isa = PBXCopyFilesBuildPhase;
			buildActionMask = 2147483647;
			dstPath = /usr/share/man/man1;
			dstSubfolderSpec = 0;
			files = (
			);
			runOnlyForDeploymentPostprocessing = 1;
		};
/* End PBXCopyFilesBuildPhase section */

/* Begin PBXFileReference section */
		B242B52F1C8A94AD008E56DE /* pageseg.cpp */ = {isa = PBXFileReference; fileEncoding = 4; lastKnownFileType = sourcecode.cpp.cpp; name = pageseg.cpp; path = "../../../image-processing-private/src/pageseg.cpp"; sourceTree = "<group>"; };
		B242B5301C8A94AD008E56DE /* pageseg.h */ = {isa = PBXFileReference; fileEncoding = 4; lastKnownFileType = sourcecode.c.h; name = pageseg.h; path = "../../../image-processing-private/src/pageseg.h"; sourceTree = "<group>"; };
		B242B5321C8AA44B008E56DE /* image_processing_util.cpp */ = {isa = PBXFileReference; fileEncoding = 4; lastKnownFileType = sourcecode.cpp.cpp; name = image_processing_util.cpp; path = "../../../image-processing/src/image_processing_util.cpp"; sourceTree = "<group>"; };
		B242B5331C8AA44B008E56DE /* image_processing_util.h */ = {isa = PBXFileReference; fileEncoding = 4; lastKnownFileType = sourcecode.c.h; name = image_processing_util.h; path = "../../../image-processing/src/image_processing_util.h"; sourceTree = "<group>"; };
		B242B5351C8AA82C008E56DE /* dewarp_textfairy.h */ = {isa = PBXFileReference; fileEncoding = 4; lastKnownFileType = sourcecode.c.h; name = dewarp_textfairy.h; path = "../../../image-processing/src/dewarp_textfairy.h"; sourceTree = "<group>"; };
		B242B5361C8AA82C008E56DE /* dewarp.cpp */ = {isa = PBXFileReference; fileEncoding = 4; lastKnownFileType = sourcecode.cpp.cpp; name = dewarp.cpp; path = "../../../image-processing/src/dewarp.cpp"; sourceTree = "<group>"; };
		B26DE9E11C143C9300D73678 /* RunningStats.cpp */ = {isa = PBXFileReference; fileEncoding = 4; lastKnownFileType = sourcecode.cpp.cpp; name = RunningStats.cpp; path = "../../../image-processing/src/RunningStats.cpp"; sourceTree = "<group>"; };
		B26DE9E21C143C9300D73678 /* RunningStats.h */ = {isa = PBXFileReference; fileEncoding = 4; lastKnownFileType = sourcecode.c.h; name = RunningStats.h; path = "../../../image-processing/src/RunningStats.h"; sourceTree = "<group>"; };
		B29E1CF61BE486670023496D /* PixAdaptiveBinarizer.cpp */ = {isa = PBXFileReference; fileEncoding = 4; lastKnownFileType = sourcecode.cpp.cpp; name = PixAdaptiveBinarizer.cpp; path = "../../../image-processing/src/PixAdaptiveBinarizer.cpp"; sourceTree = "<group>"; };
		B29E1CF71BE486670023496D /* PixAdaptiveBinarizer.h */ = {isa = PBXFileReference; fileEncoding = 4; lastKnownFileType = sourcecode.c.h; name = PixAdaptiveBinarizer.h; path = "../../../image-processing/src/PixAdaptiveBinarizer.h"; sourceTree = "<group>"; };
		B29E1CF81BE486670023496D /* TimerUtil.cpp */ = {isa = PBXFileReference; fileEncoding = 4; lastKnownFileType = sourcecode.cpp.cpp; name = TimerUtil.cpp; path = "../../../image-processing/src/TimerUtil.cpp"; sourceTree = "<group>"; };
		B29E1CF91BE486670023496D /* TimerUtil.h */ = {isa = PBXFileReference; fileEncoding = 4; lastKnownFileType = sourcecode.c.h; name = TimerUtil.h; path = "../../../image-processing/src/TimerUtil.h"; sourceTree = "<group>"; };
		B29EF1141BBFAEFA00888B3D /* ImageProcessing */ = {isa = PBXFileReference; explicitFileType = "compiled.mach-o.executable"; includeInIndex = 0; path = ImageProcessing; sourceTree = BUILT_PRODUCTS_DIR; };
		B29EF1171BBFAEFA00888B3D /* main.cpp */ = {isa = PBXFileReference; lastKnownFileType = sourcecode.cpp.cpp; path = main.cpp; sourceTree = "<group>"; };
		B29EF1221BBFB17700888B3D /* adaptmap.c */ = {isa = PBXFileReference; lastKnownFileType = sourcecode.c.c; path = adaptmap.c; sourceTree = "<group>"; };
		B29EF1231BBFB17700888B3D /* affine.c */ = {isa = PBXFileReference; lastKnownFileType = sourcecode.c.c; path = affine.c; sourceTree = "<group>"; };
		B29EF1241BBFB17700888B3D /* affinecompose.c */ = {isa = PBXFileReference; lastKnownFileType = sourcecode.c.c; path = affinecompose.c; sourceTree = "<group>"; };
		B29EF1251BBFB17700888B3D /* allheaders.h */ = {isa = PBXFileReference; lastKnownFileType = sourcecode.c.h; name = allheaders.h; path = "../../../tess-two/tess-two/jni/com_googlecode_leptonica_android/src/src/allheaders.h"; sourceTree = "<group>"; };
		B29EF1261BBFB17700888B3D /* allheaders_bot.txt */ = {isa = PBXFileReference; lastKnownFileType = text; path = allheaders_bot.txt; sourceTree = "<group>"; };
		B29EF1271BBFB17700888B3D /* allheaders_top.txt */ = {isa = PBXFileReference; lastKnownFileType = text; path = allheaders_top.txt; sourceTree = "<group>"; };
		B29EF1281BBFB17700888B3D /* alltypes.h */ = {isa = PBXFileReference; lastKnownFileType = sourcecode.c.h; path = alltypes.h; sourceTree = "<group>"; };
		B29EF1291BBFB17700888B3D /* array.h */ = {isa = PBXFileReference; lastKnownFileType = sourcecode.c.h; path = array.h; sourceTree = "<group>"; };
		B29EF12A1BBFB17700888B3D /* arrayaccess.c */ = {isa = PBXFileReference; lastKnownFileType = sourcecode.c.c; path = arrayaccess.c; sourceTree = "<group>"; };
		B29EF12B1BBFB17700888B3D /* arrayaccess.h */ = {isa = PBXFileReference; lastKnownFileType = sourcecode.c.h; path = arrayaccess.h; sourceTree = "<group>"; };
		B29EF12C1BBFB17700888B3D /* bardecode.c */ = {isa = PBXFileReference; lastKnownFileType = sourcecode.c.c; path = bardecode.c; sourceTree = "<group>"; };
		B29EF12D1BBFB17700888B3D /* baseline.c */ = {isa = PBXFileReference; lastKnownFileType = sourcecode.c.c; path = baseline.c; sourceTree = "<group>"; };
		B29EF12E1BBFB17700888B3D /* bbuffer.c */ = {isa = PBXFileReference; lastKnownFileType = sourcecode.c.c; path = bbuffer.c; sourceTree = "<group>"; };
		B29EF12F1BBFB17700888B3D /* bbuffer.h */ = {isa = PBXFileReference; lastKnownFileType = sourcecode.c.h; path = bbuffer.h; sourceTree = "<group>"; };
		B29EF1301BBFB17700888B3D /* bilateral.c */ = {isa = PBXFileReference; lastKnownFileType = sourcecode.c.c; path = bilateral.c; sourceTree = "<group>"; };
		B29EF1311BBFB17700888B3D /* bilateral.h */ = {isa = PBXFileReference; lastKnownFileType = sourcecode.c.h; path = bilateral.h; sourceTree = "<group>"; };
		B29EF1321BBFB17700888B3D /* bilinear.c */ = {isa = PBXFileReference; lastKnownFileType = sourcecode.c.c; path = bilinear.c; sourceTree = "<group>"; };
		B29EF1331BBFB17700888B3D /* binarize.c */ = {isa = PBXFileReference; lastKnownFileType = sourcecode.c.c; path = binarize.c; sourceTree = "<group>"; };
		B29EF1341BBFB17700888B3D /* binexpand.c */ = {isa = PBXFileReference; lastKnownFileType = sourcecode.c.c; path = binexpand.c; sourceTree = "<group>"; };
		B29EF1351BBFB17700888B3D /* binreduce.c */ = {isa = PBXFileReference; lastKnownFileType = sourcecode.c.c; path = binreduce.c; sourceTree = "<group>"; };
		B29EF1361BBFB17700888B3D /* blend.c */ = {isa = PBXFileReference; lastKnownFileType = sourcecode.c.c; path = blend.c; sourceTree = "<group>"; };
		B29EF1371BBFB17700888B3D /* bmf.c */ = {isa = PBXFileReference; lastKnownFileType = sourcecode.c.c; path = bmf.c; sourceTree = "<group>"; };
		B29EF1381BBFB17700888B3D /* bmf.h */ = {isa = PBXFileReference; lastKnownFileType = sourcecode.c.h; path = bmf.h; sourceTree = "<group>"; };
		B29EF1391BBFB17700888B3D /* bmp.h */ = {isa = PBXFileReference; lastKnownFileType = sourcecode.c.h; path = bmp.h; sourceTree = "<group>"; };
		B29EF13A1BBFB17700888B3D /* bmpio.c */ = {isa = PBXFileReference; lastKnownFileType = sourcecode.c.c; path = bmpio.c; sourceTree = "<group>"; };
		B29EF13B1BBFB17700888B3D /* bmpiostub.c */ = {isa = PBXFileReference; lastKnownFileType = sourcecode.c.c; path = bmpiostub.c; sourceTree = "<group>"; };
		B29EF13C1BBFB17700888B3D /* boxbasic.c */ = {isa = PBXFileReference; lastKnownFileType = sourcecode.c.c; path = boxbasic.c; sourceTree = "<group>"; };
		B29EF13D1BBFB17700888B3D /* boxfunc1.c */ = {isa = PBXFileReference; lastKnownFileType = sourcecode.c.c; path = boxfunc1.c; sourceTree = "<group>"; };
		B29EF13E1BBFB17700888B3D /* boxfunc2.c */ = {isa = PBXFileReference; lastKnownFileType = sourcecode.c.c; path = boxfunc2.c; sourceTree = "<group>"; };
		B29EF13F1BBFB17700888B3D /* boxfunc3.c */ = {isa = PBXFileReference; lastKnownFileType = sourcecode.c.c; path = boxfunc3.c; sourceTree = "<group>"; };
		B29EF1401BBFB17700888B3D /* boxfunc4.c */ = {isa = PBXFileReference; lastKnownFileType = sourcecode.c.c; path = boxfunc4.c; sourceTree = "<group>"; };
		B29EF1411BBFB17700888B3D /* bytearray.c */ = {isa = PBXFileReference; lastKnownFileType = sourcecode.c.c; path = bytearray.c; sourceTree = "<group>"; };
		B29EF1421BBFB17700888B3D /* ccbord.c */ = {isa = PBXFileReference; lastKnownFileType = sourcecode.c.c; path = ccbord.c; sourceTree = "<group>"; };
		B29EF1431BBFB17700888B3D /* ccbord.h */ = {isa = PBXFileReference; lastKnownFileType = sourcecode.c.h; path = ccbord.h; sourceTree = "<group>"; };
		B29EF1441BBFB17700888B3D /* ccthin.c */ = {isa = PBXFileReference; lastKnownFileType = sourcecode.c.c; path = ccthin.c; sourceTree = "<group>"; };
		B29EF1451BBFB17700888B3D /* classapp.c */ = {isa = PBXFileReference; lastKnownFileType = sourcecode.c.c; path = classapp.c; sourceTree = "<group>"; };
		B29EF1461BBFB17700888B3D /* colorcontent.c */ = {isa = PBXFileReference; lastKnownFileType = sourcecode.c.c; path = colorcontent.c; sourceTree = "<group>"; };
		B29EF1471BBFB17700888B3D /* coloring.c */ = {isa = PBXFileReference; lastKnownFileType = sourcecode.c.c; path = coloring.c; sourceTree = "<group>"; };
		B29EF1481BBFB17700888B3D /* colormap.c */ = {isa = PBXFileReference; lastKnownFileType = sourcecode.c.c; path = colormap.c; sourceTree = "<group>"; };
		B29EF1491BBFB17700888B3D /* colormorph.c */ = {isa = PBXFileReference; lastKnownFileType = sourcecode.c.c; path = colormorph.c; sourceTree = "<group>"; };
		B29EF14A1BBFB17700888B3D /* colorquant1.c */ = {isa = PBXFileReference; lastKnownFileType = sourcecode.c.c; path = colorquant1.c; sourceTree = "<group>"; };
		B29EF14B1BBFB17700888B3D /* colorquant2.c */ = {isa = PBXFileReference; lastKnownFileType = sourcecode.c.c; path = colorquant2.c; sourceTree = "<group>"; };
		B29EF14C1BBFB17700888B3D /* colorseg.c */ = {isa = PBXFileReference; lastKnownFileType = sourcecode.c.c; path = colorseg.c; sourceTree = "<group>"; };
		B29EF14D1BBFB17700888B3D /* colorspace.c */ = {isa = PBXFileReference; lastKnownFileType = sourcecode.c.c; path = colorspace.c; sourceTree = "<group>"; };
		B29EF14E1BBFB17700888B3D /* compare.c */ = {isa = PBXFileReference; lastKnownFileType = sourcecode.c.c; path = compare.c; sourceTree = "<group>"; };
		B29EF14F1BBFB17700888B3D /* conncomp.c */ = {isa = PBXFileReference; lastKnownFileType = sourcecode.c.c; path = conncomp.c; sourceTree = "<group>"; };
		B29EF1501BBFB17700888B3D /* convertfiles.c */ = {isa = PBXFileReference; lastKnownFileType = sourcecode.c.c; path = convertfiles.c; sourceTree = "<group>"; };
		B29EF1511BBFB17700888B3D /* convolve.c */ = {isa = PBXFileReference; lastKnownFileType = sourcecode.c.c; path = convolve.c; sourceTree = "<group>"; };
		B29EF1521BBFB17700888B3D /* convolvelow.c */ = {isa = PBXFileReference; lastKnownFileType = sourcecode.c.c; path = convolvelow.c; sourceTree = "<group>"; };
		B29EF1531BBFB17700888B3D /* correlscore.c */ = {isa = PBXFileReference; lastKnownFileType = sourcecode.c.c; path = correlscore.c; sourceTree = "<group>"; };
		B29EF1541BBFB17700888B3D /* dewarp.h */ = {isa = PBXFileReference; lastKnownFileType = sourcecode.c.h; path = dewarp.h; sourceTree = "<group>"; };
		B29EF1551BBFB17700888B3D /* dewarp1.c */ = {isa = PBXFileReference; lastKnownFileType = sourcecode.c.c; path = dewarp1.c; sourceTree = "<group>"; };
		B29EF1561BBFB17700888B3D /* dewarp2.c */ = {isa = PBXFileReference; lastKnownFileType = sourcecode.c.c; path = dewarp2.c; sourceTree = "<group>"; };
		B29EF1571BBFB17700888B3D /* dewarp3.c */ = {isa = PBXFileReference; lastKnownFileType = sourcecode.c.c; path = dewarp3.c; sourceTree = "<group>"; };
		B29EF1581BBFB17700888B3D /* dewarp4.c */ = {isa = PBXFileReference; lastKnownFileType = sourcecode.c.c; path = dewarp4.c; sourceTree = "<group>"; };
		B29EF1591BBFB17700888B3D /* dnabasic.c */ = {isa = PBXFileReference; lastKnownFileType = sourcecode.c.c; path = dnabasic.c; sourceTree = "<group>"; };
		B29EF15A1BBFB17700888B3D /* dwacomb.2.c */ = {isa = PBXFileReference; lastKnownFileType = sourcecode.c.c; path = dwacomb.2.c; sourceTree = "<group>"; };
		B29EF15B1BBFB17700888B3D /* dwacomblow.2.c */ = {isa = PBXFileReference; lastKnownFileType = sourcecode.c.c; path = dwacomblow.2.c; sourceTree = "<group>"; };
		B29EF15C1BBFB17700888B3D /* edge.c */ = {isa = PBXFileReference; lastKnownFileType = sourcecode.c.c; path = edge.c; sourceTree = "<group>"; };
		B29EF15D1BBFB17700888B3D /* endianness.h */ = {isa = PBXFileReference; lastKnownFileType = sourcecode.c.h; path = endianness.h; sourceTree = "<group>"; };
		B29EF15E1BBFB17700888B3D /* endianness.h.dist */ = {isa = PBXFileReference; lastKnownFileType = text; path = endianness.h.dist; sourceTree = "<group>"; };
		B29EF15F1BBFB17700888B3D /* endianness.h.in */ = {isa = PBXFileReference; lastKnownFileType = text; path = endianness.h.in; sourceTree = "<group>"; };
		B29EF1601BBFB17700888B3D /* enhance.c */ = {isa = PBXFileReference; lastKnownFileType = sourcecode.c.c; path = enhance.c; sourceTree = "<group>"; };
		B29EF1611BBFB17700888B3D /* environ.h */ = {isa = PBXFileReference; lastKnownFileType = sourcecode.c.h; path = environ.h; sourceTree = "<group>"; };
		B29EF1621BBFB17700888B3D /* fhmtauto.c */ = {isa = PBXFileReference; lastKnownFileType = sourcecode.c.c; path = fhmtauto.c; sourceTree = "<group>"; };
		B29EF1631BBFB17700888B3D /* fhmtgen.1.c */ = {isa = PBXFileReference; lastKnownFileType = sourcecode.c.c; path = fhmtgen.1.c; sourceTree = "<group>"; };
		B29EF1641BBFB17700888B3D /* fhmtgenlow.1.c */ = {isa = PBXFileReference; lastKnownFileType = sourcecode.c.c; path = fhmtgenlow.1.c; sourceTree = "<group>"; };
		B29EF1651BBFB17700888B3D /* finditalic.c */ = {isa = PBXFileReference; lastKnownFileType = sourcecode.c.c; path = finditalic.c; sourceTree = "<group>"; };
		B29EF1661BBFB17700888B3D /* flipdetect.c */ = {isa = PBXFileReference; lastKnownFileType = sourcecode.c.c; path = flipdetect.c; sourceTree = "<group>"; };
		B29EF1671BBFB17700888B3D /* fliphmtgen.c */ = {isa = PBXFileReference; lastKnownFileType = sourcecode.c.c; path = fliphmtgen.c; sourceTree = "<group>"; };
		B29EF1681BBFB17700888B3D /* fmorphauto.c */ = {isa = PBXFileReference; lastKnownFileType = sourcecode.c.c; path = fmorphauto.c; sourceTree = "<group>"; };
		B29EF1691BBFB17700888B3D /* fmorphgen.1.c */ = {isa = PBXFileReference; lastKnownFileType = sourcecode.c.c; path = fmorphgen.1.c; sourceTree = "<group>"; };
		B29EF16A1BBFB17700888B3D /* fmorphgenlow.1.c */ = {isa = PBXFileReference; lastKnownFileType = sourcecode.c.c; path = fmorphgenlow.1.c; sourceTree = "<group>"; };
		B29EF16B1BBFB17700888B3D /* fpix1.c */ = {isa = PBXFileReference; lastKnownFileType = sourcecode.c.c; path = fpix1.c; sourceTree = "<group>"; };
		B29EF16C1BBFB17700888B3D /* fpix2.c */ = {isa = PBXFileReference; lastKnownFileType = sourcecode.c.c; path = fpix2.c; sourceTree = "<group>"; };
		B29EF16D1BBFB17700888B3D /* freetype.h */ = {isa = PBXFileReference; lastKnownFileType = sourcecode.c.h; path = freetype.h; sourceTree = "<group>"; };
		B29EF16E1BBFB17700888B3D /* gifio.c */ = {isa = PBXFileReference; lastKnownFileType = sourcecode.c.c; path = gifio.c; sourceTree = "<group>"; };
		B29EF16F1BBFB17700888B3D /* gifiostub.c */ = {isa = PBXFileReference; lastKnownFileType = sourcecode.c.c; path = gifiostub.c; sourceTree = "<group>"; };
		B29EF1701BBFB17700888B3D /* gplot.c */ = {isa = PBXFileReference; lastKnownFileType = sourcecode.c.c; path = gplot.c; sourceTree = "<group>"; };
		B29EF1711BBFB17700888B3D /* gplot.h */ = {isa = PBXFileReference; lastKnownFileType = sourcecode.c.h; path = gplot.h; sourceTree = "<group>"; };
		B29EF1721BBFB17700888B3D /* graphics.c */ = {isa = PBXFileReference; lastKnownFileType = sourcecode.c.c; path = graphics.c; sourceTree = "<group>"; };
		B29EF1731BBFB17700888B3D /* graymorph.c */ = {isa = PBXFileReference; lastKnownFileType = sourcecode.c.c; path = graymorph.c; sourceTree = "<group>"; };
		B29EF1741BBFB17700888B3D /* graymorphlow.c */ = {isa = PBXFileReference; lastKnownFileType = sourcecode.c.c; path = graymorphlow.c; sourceTree = "<group>"; };
		B29EF1751BBFB17700888B3D /* grayquant.c */ = {isa = PBXFileReference; lastKnownFileType = sourcecode.c.c; path = grayquant.c; sourceTree = "<group>"; };
		B29EF1761BBFB17700888B3D /* grayquantlow.c */ = {isa = PBXFileReference; lastKnownFileType = sourcecode.c.c; path = grayquantlow.c; sourceTree = "<group>"; };
		B29EF1771BBFB17700888B3D /* heap.c */ = {isa = PBXFileReference; lastKnownFileType = sourcecode.c.c; path = heap.c; sourceTree = "<group>"; };
		B29EF1781BBFB17700888B3D /* heap.h */ = {isa = PBXFileReference; lastKnownFileType = sourcecode.c.h; path = heap.h; sourceTree = "<group>"; };
		B29EF1791BBFB17700888B3D /* hmttemplate1.txt */ = {isa = PBXFileReference; lastKnownFileType = text; path = hmttemplate1.txt; sourceTree = "<group>"; };
		B29EF17A1BBFB17700888B3D /* hmttemplate2.txt */ = {isa = PBXFileReference; lastKnownFileType = text; path = hmttemplate2.txt; sourceTree = "<group>"; };
		B29EF17B1BBFB17700888B3D /* imageio.h */ = {isa = PBXFileReference; lastKnownFileType = sourcecode.c.h; path = imageio.h; sourceTree = "<group>"; };
		B29EF17C1BBFB17700888B3D /* jbclass.c */ = {isa = PBXFileReference; lastKnownFileType = sourcecode.c.c; path = jbclass.c; sourceTree = "<group>"; };
		B29EF17D1BBFB17700888B3D /* jbclass.h */ = {isa = PBXFileReference; lastKnownFileType = sourcecode.c.h; path = jbclass.h; sourceTree = "<group>"; };
		B29EF17E1BBFB17700888B3D /* jp2kheader.c */ = {isa = PBXFileReference; lastKnownFileType = sourcecode.c.c; path = jp2kheader.c; sourceTree = "<group>"; };
		B29EF17F1BBFB17700888B3D /* jp2kheaderstub.c */ = {isa = PBXFileReference; lastKnownFileType = sourcecode.c.c; path = jp2kheaderstub.c; sourceTree = "<group>"; };
		B29EF1801BBFB17700888B3D /* jp2kio.c */ = {isa = PBXFileReference; lastKnownFileType = sourcecode.c.c; path = jp2kio.c; sourceTree = "<group>"; };
		B29EF1811BBFB17700888B3D /* jp2kiostub.c */ = {isa = PBXFileReference; lastKnownFileType = sourcecode.c.c; path = jp2kiostub.c; sourceTree = "<group>"; };
		B29EF1821BBFB17700888B3D /* jpegio.c */ = {isa = PBXFileReference; lastKnownFileType = sourcecode.c.c; path = jpegio.c; sourceTree = "<group>"; };
		B29EF1831BBFB17700888B3D /* jpegiostub.c */ = {isa = PBXFileReference; lastKnownFileType = sourcecode.c.c; path = jpegiostub.c; sourceTree = "<group>"; };
		B29EF1841BBFB17700888B3D /* kernel.c */ = {isa = PBXFileReference; lastKnownFileType = sourcecode.c.c; path = kernel.c; sourceTree = "<group>"; };
		B29EF1851BBFB17700888B3D /* leptonica-license.txt */ = {isa = PBXFileReference; lastKnownFileType = text; path = "leptonica-license.txt"; sourceTree = "<group>"; };
		B29EF1861BBFB17700888B3D /* leptwin.c */ = {isa = PBXFileReference; lastKnownFileType = sourcecode.c.c; path = leptwin.c; sourceTree = "<group>"; };
		B29EF1871BBFB17700888B3D /* leptwin.h */ = {isa = PBXFileReference; lastKnownFileType = sourcecode.c.h; path = leptwin.h; sourceTree = "<group>"; };
		B29EF1881BBFB17700888B3D /* libversions.c */ = {isa = PBXFileReference; lastKnownFileType = sourcecode.c.c; path = libversions.c; sourceTree = "<group>"; };
		B29EF1891BBFB17700888B3D /* list.c */ = {isa = PBXFileReference; lastKnownFileType = sourcecode.c.c; path = list.c; sourceTree = "<group>"; };
		B29EF18A1BBFB17700888B3D /* list.h */ = {isa = PBXFileReference; lastKnownFileType = sourcecode.c.h; path = list.h; sourceTree = "<group>"; };
		B29EF18B1BBFB17700888B3D /* Makefile.am */ = {isa = PBXFileReference; lastKnownFileType = text; path = Makefile.am; sourceTree = "<group>"; };
		B29EF18C1BBFB17700888B3D /* Makefile.in */ = {isa = PBXFileReference; lastKnownFileType = text; path = Makefile.in; sourceTree = "<group>"; };
		B29EF18D1BBFB17700888B3D /* makefile.static */ = {isa = PBXFileReference; lastKnownFileType = text; path = makefile.static; sourceTree = "<group>"; };
		B29EF18E1BBFB17700888B3D /* maze.c */ = {isa = PBXFileReference; lastKnownFileType = sourcecode.c.c; path = maze.c; sourceTree = "<group>"; };
		B29EF18F1BBFB17700888B3D /* morph.c */ = {isa = PBXFileReference; lastKnownFileType = sourcecode.c.c; path = morph.c; sourceTree = "<group>"; };
		B29EF1901BBFB17700888B3D /* morph.h */ = {isa = PBXFileReference; lastKnownFileType = sourcecode.c.h; path = morph.h; sourceTree = "<group>"; };
		B29EF1911BBFB17700888B3D /* morphapp.c */ = {isa = PBXFileReference; lastKnownFileType = sourcecode.c.c; path = morphapp.c; sourceTree = "<group>"; };
		B29EF1921BBFB17700888B3D /* morphdwa.c */ = {isa = PBXFileReference; lastKnownFileType = sourcecode.c.c; path = morphdwa.c; sourceTree = "<group>"; };
		B29EF1931BBFB17700888B3D /* morphseq.c */ = {isa = PBXFileReference; lastKnownFileType = sourcecode.c.c; path = morphseq.c; sourceTree = "<group>"; };
		B29EF1941BBFB17700888B3D /* morphtemplate1.txt */ = {isa = PBXFileReference; lastKnownFileType = text; path = morphtemplate1.txt; sourceTree = "<group>"; };
		B29EF1951BBFB17700888B3D /* morphtemplate2.txt */ = {isa = PBXFileReference; lastKnownFileType = text; path = morphtemplate2.txt; sourceTree = "<group>"; };
		B29EF1961BBFB17700888B3D /* numabasic.c */ = {isa = PBXFileReference; lastKnownFileType = sourcecode.c.c; path = numabasic.c; sourceTree = "<group>"; };
		B29EF1971BBFB17700888B3D /* numafunc1.c */ = {isa = PBXFileReference; lastKnownFileType = sourcecode.c.c; path = numafunc1.c; sourceTree = "<group>"; };
		B29EF1981BBFB17700888B3D /* numafunc2.c */ = {isa = PBXFileReference; lastKnownFileType = sourcecode.c.c; path = numafunc2.c; sourceTree = "<group>"; };
		B29EF1991BBFB17700888B3D /* pageseg.c */ = {isa = PBXFileReference; lastKnownFileType = sourcecode.c.c; path = pageseg.c; sourceTree = "<group>"; };
		B29EF19A1BBFB17700888B3D /* paintcmap.c */ = {isa = PBXFileReference; lastKnownFileType = sourcecode.c.c; path = paintcmap.c; sourceTree = "<group>"; };
		B29EF19B1BBFB17700888B3D /* parseprotos.c */ = {isa = PBXFileReference; lastKnownFileType = sourcecode.c.c; path = parseprotos.c; sourceTree = "<group>"; };
		B29EF19C1BBFB17700888B3D /* partition.c */ = {isa = PBXFileReference; lastKnownFileType = sourcecode.c.c; path = partition.c; sourceTree = "<group>"; };
		B29EF19D1BBFB17700888B3D /* pdfio1.c */ = {isa = PBXFileReference; lastKnownFileType = sourcecode.c.c; path = pdfio1.c; sourceTree = "<group>"; };
		B29EF19E1BBFB17700888B3D /* pdfio1stub.c */ = {isa = PBXFileReference; lastKnownFileType = sourcecode.c.c; path = pdfio1stub.c; sourceTree = "<group>"; };
		B29EF19F1BBFB17700888B3D /* pdfio2.c */ = {isa = PBXFileReference; lastKnownFileType = sourcecode.c.c; path = pdfio2.c; sourceTree = "<group>"; };
		B29EF1A01BBFB17700888B3D /* pdfio2stub.c */ = {isa = PBXFileReference; lastKnownFileType = sourcecode.c.c; path = pdfio2stub.c; sourceTree = "<group>"; };
		B29EF1A11BBFB17700888B3D /* pix.h */ = {isa = PBXFileReference; lastKnownFileType = sourcecode.c.h; path = pix.h; sourceTree = "<group>"; };
		B29EF1A21BBFB17700888B3D /* pix1.c */ = {isa = PBXFileReference; lastKnownFileType = sourcecode.c.c; path = pix1.c; sourceTree = "<group>"; };
		B29EF1A31BBFB17700888B3D /* pix2.c */ = {isa = PBXFileReference; lastKnownFileType = sourcecode.c.c; path = pix2.c; sourceTree = "<group>"; };
		B29EF1A41BBFB17700888B3D /* pix3.c */ = {isa = PBXFileReference; lastKnownFileType = sourcecode.c.c; path = pix3.c; sourceTree = "<group>"; };
		B29EF1A51BBFB17700888B3D /* pix4.c */ = {isa = PBXFileReference; lastKnownFileType = sourcecode.c.c; path = pix4.c; sourceTree = "<group>"; };
		B29EF1A61BBFB17700888B3D /* pix5.c */ = {isa = PBXFileReference; lastKnownFileType = sourcecode.c.c; path = pix5.c; sourceTree = "<group>"; };
		B29EF1A71BBFB17700888B3D /* pixabasic.c */ = {isa = PBXFileReference; lastKnownFileType = sourcecode.c.c; path = pixabasic.c; sourceTree = "<group>"; };
		B29EF1A81BBFB17700888B3D /* pixacc.c */ = {isa = PBXFileReference; lastKnownFileType = sourcecode.c.c; path = pixacc.c; sourceTree = "<group>"; };
		B29EF1A91BBFB17700888B3D /* pixafunc1.c */ = {isa = PBXFileReference; lastKnownFileType = sourcecode.c.c; path = pixafunc1.c; sourceTree = "<group>"; };
		B29EF1AA1BBFB17700888B3D /* pixafunc2.c */ = {isa = PBXFileReference; lastKnownFileType = sourcecode.c.c; path = pixafunc2.c; sourceTree = "<group>"; };
		B29EF1AB1BBFB17700888B3D /* pixalloc.c */ = {isa = PBXFileReference; lastKnownFileType = sourcecode.c.c; path = pixalloc.c; sourceTree = "<group>"; };
		B29EF1AC1BBFB17700888B3D /* pixarith.c */ = {isa = PBXFileReference; lastKnownFileType = sourcecode.c.c; path = pixarith.c; sourceTree = "<group>"; };
		B29EF1AD1BBFB17700888B3D /* pixcomp.c */ = {isa = PBXFileReference; lastKnownFileType = sourcecode.c.c; path = pixcomp.c; sourceTree = "<group>"; };
		B29EF1AE1BBFB17700888B3D /* pixconv.c */ = {isa = PBXFileReference; lastKnownFileType = sourcecode.c.c; path = pixconv.c; sourceTree = "<group>"; };
		B29EF1AF1BBFB17700888B3D /* pixlabel.c */ = {isa = PBXFileReference; lastKnownFileType = sourcecode.c.c; path = pixlabel.c; sourceTree = "<group>"; };
		B29EF1B01BBFB17700888B3D /* pixtiling.c */ = {isa = PBXFileReference; lastKnownFileType = sourcecode.c.c; path = pixtiling.c; sourceTree = "<group>"; };
		B29EF1B11BBFB17700888B3D /* pngio.c */ = {isa = PBXFileReference; lastKnownFileType = sourcecode.c.c; path = pngio.c; sourceTree = "<group>"; };
		B29EF1B21BBFB17700888B3D /* pngiostub.c */ = {isa = PBXFileReference; lastKnownFileType = sourcecode.c.c; path = pngiostub.c; sourceTree = "<group>"; };
		B29EF1B31BBFB17700888B3D /* pnmio.c */ = {isa = PBXFileReference; lastKnownFileType = sourcecode.c.c; path = pnmio.c; sourceTree = "<group>"; };
		B29EF1B41BBFB17700888B3D /* pnmiostub.c */ = {isa = PBXFileReference; lastKnownFileType = sourcecode.c.c; path = pnmiostub.c; sourceTree = "<group>"; };
		B29EF1B51BBFB17700888B3D /* projective.c */ = {isa = PBXFileReference; lastKnownFileType = sourcecode.c.c; path = projective.c; sourceTree = "<group>"; };
		B29EF1B61BBFB17700888B3D /* psio1.c */ = {isa = PBXFileReference; lastKnownFileType = sourcecode.c.c; path = psio1.c; sourceTree = "<group>"; };
		B29EF1B71BBFB17700888B3D /* psio1stub.c */ = {isa = PBXFileReference; lastKnownFileType = sourcecode.c.c; path = psio1stub.c; sourceTree = "<group>"; };
		B29EF1B81BBFB17700888B3D /* psio2.c */ = {isa = PBXFileReference; lastKnownFileType = sourcecode.c.c; path = psio2.c; sourceTree = "<group>"; };
		B29EF1B91BBFB17700888B3D /* psio2stub.c */ = {isa = PBXFileReference; lastKnownFileType = sourcecode.c.c; path = psio2stub.c; sourceTree = "<group>"; };
		B29EF1BA1BBFB17700888B3D /* ptabasic.c */ = {isa = PBXFileReference; lastKnownFileType = sourcecode.c.c; path = ptabasic.c; sourceTree = "<group>"; };
		B29EF1BB1BBFB17700888B3D /* ptafunc1.c */ = {isa = PBXFileReference; lastKnownFileType = sourcecode.c.c; path = ptafunc1.c; sourceTree = "<group>"; };
		B29EF1BC1BBFB17700888B3D /* ptra.c */ = {isa = PBXFileReference; lastKnownFileType = sourcecode.c.c; path = ptra.c; sourceTree = "<group>"; };
		B29EF1BD1BBFB17700888B3D /* ptra.h */ = {isa = PBXFileReference; lastKnownFileType = sourcecode.c.h; path = ptra.h; sourceTree = "<group>"; };
		B29EF1BE1BBFB17700888B3D /* quadtree.c */ = {isa = PBXFileReference; lastKnownFileType = sourcecode.c.c; path = quadtree.c; sourceTree = "<group>"; };
		B29EF1BF1BBFB17700888B3D /* queue.c */ = {isa = PBXFileReference; lastKnownFileType = sourcecode.c.c; path = queue.c; sourceTree = "<group>"; };
		B29EF1C01BBFB17700888B3D /* queue.h */ = {isa = PBXFileReference; lastKnownFileType = sourcecode.c.h; path = queue.h; sourceTree = "<group>"; };
		B29EF1C11BBFB17700888B3D /* rank.c */ = {isa = PBXFileReference; lastKnownFileType = sourcecode.c.c; path = rank.c; sourceTree = "<group>"; };
		B29EF1C21BBFB17700888B3D /* readbarcode.c */ = {isa = PBXFileReference; lastKnownFileType = sourcecode.c.c; path = readbarcode.c; sourceTree = "<group>"; };
		B29EF1C31BBFB17700888B3D /* readbarcode.h */ = {isa = PBXFileReference; lastKnownFileType = sourcecode.c.h; path = readbarcode.h; sourceTree = "<group>"; };
		B29EF1C41BBFB17700888B3D /* readfile.c */ = {isa = PBXFileReference; lastKnownFileType = sourcecode.c.c; path = readfile.c; sourceTree = "<group>"; };
		B29EF1C51BBFB17700888B3D /* recog.h */ = {isa = PBXFileReference; lastKnownFileType = sourcecode.c.h; path = recog.h; sourceTree = "<group>"; };
		B29EF1C61BBFB17700888B3D /* recogbasic.c */ = {isa = PBXFileReference; lastKnownFileType = sourcecode.c.c; path = recogbasic.c; sourceTree = "<group>"; };
		B29EF1C71BBFB17700888B3D /* recogdid.c */ = {isa = PBXFileReference; lastKnownFileType = sourcecode.c.c; path = recogdid.c; sourceTree = "<group>"; };
		B29EF1C81BBFB17700888B3D /* recogident.c */ = {isa = PBXFileReference; lastKnownFileType = sourcecode.c.c; path = recogident.c; sourceTree = "<group>"; };
		B29EF1C91BBFB17700888B3D /* recogtrain.c */ = {isa = PBXFileReference; lastKnownFileType = sourcecode.c.c; path = recogtrain.c; sourceTree = "<group>"; };
		B29EF1CA1BBFB17700888B3D /* regutils.c */ = {isa = PBXFileReference; lastKnownFileType = sourcecode.c.c; path = regutils.c; sourceTree = "<group>"; };
		B29EF1CB1BBFB17700888B3D /* regutils.h */ = {isa = PBXFileReference; lastKnownFileType = sourcecode.c.h; path = regutils.h; sourceTree = "<group>"; };
		B29EF1CC1BBFB17700888B3D /* rop.c */ = {isa = PBXFileReference; lastKnownFileType = sourcecode.c.c; path = rop.c; sourceTree = "<group>"; };
		B29EF1CD1BBFB17700888B3D /* ropiplow.c */ = {isa = PBXFileReference; lastKnownFileType = sourcecode.c.c; path = ropiplow.c; sourceTree = "<group>"; };
		B29EF1CE1BBFB17700888B3D /* roplow.c */ = {isa = PBXFileReference; lastKnownFileType = sourcecode.c.c; path = roplow.c; sourceTree = "<group>"; };
		B29EF1CF1BBFB17700888B3D /* rotate.c */ = {isa = PBXFileReference; lastKnownFileType = sourcecode.c.c; path = rotate.c; sourceTree = "<group>"; };
		B29EF1D01BBFB17700888B3D /* rotateam.c */ = {isa = PBXFileReference; lastKnownFileType = sourcecode.c.c; path = rotateam.c; sourceTree = "<group>"; };
		B29EF1D11BBFB17700888B3D /* rotateamlow.c */ = {isa = PBXFileReference; lastKnownFileType = sourcecode.c.c; path = rotateamlow.c; sourceTree = "<group>"; };
		B29EF1D21BBFB17700888B3D /* rotateorth.c */ = {isa = PBXFileReference; lastKnownFileType = sourcecode.c.c; path = rotateorth.c; sourceTree = "<group>"; };
		B29EF1D31BBFB17700888B3D /* rotateshear.c */ = {isa = PBXFileReference; lastKnownFileType = sourcecode.c.c; path = rotateshear.c; sourceTree = "<group>"; };
		B29EF1D41BBFB17700888B3D /* runlength.c */ = {isa = PBXFileReference; lastKnownFileType = sourcecode.c.c; path = runlength.c; sourceTree = "<group>"; };
		B29EF1D51BBFB17700888B3D /* sarray.c */ = {isa = PBXFileReference; lastKnownFileType = sourcecode.c.c; path = sarray.c; sourceTree = "<group>"; };
		B29EF1D61BBFB17700888B3D /* scale.c */ = {isa = PBXFileReference; lastKnownFileType = sourcecode.c.c; path = scale.c; sourceTree = "<group>"; };
		B29EF1D71BBFB17700888B3D /* scalelow.c */ = {isa = PBXFileReference; lastKnownFileType = sourcecode.c.c; path = scalelow.c; sourceTree = "<group>"; };
		B29EF1D81BBFB17700888B3D /* seedfill.c */ = {isa = PBXFileReference; lastKnownFileType = sourcecode.c.c; path = seedfill.c; sourceTree = "<group>"; };
		B29EF1D91BBFB17700888B3D /* seedfilllow.c */ = {isa = PBXFileReference; lastKnownFileType = sourcecode.c.c; path = seedfilllow.c; sourceTree = "<group>"; };
		B29EF1DA1BBFB17700888B3D /* sel1.c */ = {isa = PBXFileReference; lastKnownFileType = sourcecode.c.c; path = sel1.c; sourceTree = "<group>"; };
		B29EF1DB1BBFB17700888B3D /* sel2.c */ = {isa = PBXFileReference; lastKnownFileType = sourcecode.c.c; path = sel2.c; sourceTree = "<group>"; };
		B29EF1DC1BBFB17700888B3D /* selgen.c */ = {isa = PBXFileReference; lastKnownFileType = sourcecode.c.c; path = selgen.c; sourceTree = "<group>"; };
		B29EF1DD1BBFB17700888B3D /* shear.c */ = {isa = PBXFileReference; lastKnownFileType = sourcecode.c.c; path = shear.c; sourceTree = "<group>"; };
		B29EF1DE1BBFB17700888B3D /* skew.c */ = {isa = PBXFileReference; lastKnownFileType = sourcecode.c.c; path = skew.c; sourceTree = "<group>"; };
		B29EF1DF1BBFB17700888B3D /* spixio.c */ = {isa = PBXFileReference; lastKnownFileType = sourcecode.c.c; path = spixio.c; sourceTree = "<group>"; };
		B29EF1E01BBFB17700888B3D /* stack.c */ = {isa = PBXFileReference; lastKnownFileType = sourcecode.c.c; path = stack.c; sourceTree = "<group>"; };
		B29EF1E11BBFB17700888B3D /* stack.h */ = {isa = PBXFileReference; lastKnownFileType = sourcecode.c.h; path = stack.h; sourceTree = "<group>"; };
		B29EF1E21BBFB17700888B3D /* sudoku.c */ = {isa = PBXFileReference; lastKnownFileType = sourcecode.c.c; path = sudoku.c; sourceTree = "<group>"; };
		B29EF1E31BBFB17700888B3D /* sudoku.h */ = {isa = PBXFileReference; lastKnownFileType = sourcecode.c.h; path = sudoku.h; sourceTree = "<group>"; };
		B29EF1E41BBFB17700888B3D /* textops.c */ = {isa = PBXFileReference; lastKnownFileType = sourcecode.c.c; path = textops.c; sourceTree = "<group>"; };
		B29EF1E51BBFB17700888B3D /* tiffio.c */ = {isa = PBXFileReference; lastKnownFileType = sourcecode.c.c; path = tiffio.c; sourceTree = "<group>"; };
		B29EF1E61BBFB17700888B3D /* tiffiostub.c */ = {isa = PBXFileReference; lastKnownFileType = sourcecode.c.c; path = tiffiostub.c; sourceTree = "<group>"; };
		B29EF1E71BBFB17700888B3D /* utils.c */ = {isa = PBXFileReference; lastKnownFileType = sourcecode.c.c; path = utils.c; sourceTree = "<group>"; };
		B29EF1E81BBFB17700888B3D /* viewfiles.c */ = {isa = PBXFileReference; lastKnownFileType = sourcecode.c.c; path = viewfiles.c; sourceTree = "<group>"; };
		B29EF1E91BBFB17700888B3D /* warper.c */ = {isa = PBXFileReference; lastKnownFileType = sourcecode.c.c; path = warper.c; sourceTree = "<group>"; };
		B29EF1EA1BBFB17700888B3D /* watershed.c */ = {isa = PBXFileReference; lastKnownFileType = sourcecode.c.c; path = watershed.c; sourceTree = "<group>"; };
		B29EF1EB1BBFB17700888B3D /* watershed.h */ = {isa = PBXFileReference; lastKnownFileType = sourcecode.c.h; path = watershed.h; sourceTree = "<group>"; };
		B29EF1EC1BBFB17700888B3D /* webpio.c */ = {isa = PBXFileReference; lastKnownFileType = sourcecode.c.c; path = webpio.c; sourceTree = "<group>"; };
		B29EF1ED1BBFB17700888B3D /* webpiostub.c */ = {isa = PBXFileReference; lastKnownFileType = sourcecode.c.c; path = webpiostub.c; sourceTree = "<group>"; };
		B29EF1EE1BBFB17700888B3D /* writefile.c */ = {isa = PBXFileReference; lastKnownFileType = sourcecode.c.c; path = writefile.c; sourceTree = "<group>"; };
		B29EF1EF1BBFB17700888B3D /* zlibmem.c */ = {isa = PBXFileReference; lastKnownFileType = sourcecode.c.c; path = zlibmem.c; sourceTree = "<group>"; };
		B29EF1F01BBFB17700888B3D /* zlibmemstub.c */ = {isa = PBXFileReference; lastKnownFileType = sourcecode.c.c; path = zlibmemstub.c; sourceTree = "<group>"; };
		B29EF5D81BBFB39300888B3D /* libjpeg.a */ = {isa = PBXFileReference; lastKnownFileType = archive.ar; name = libjpeg.a; path = ../../../../../../usr/local/Cellar/jpeg/8d/lib/libjpeg.a; sourceTree = "<group>"; };
		B29EF5DB1BBFDE4800888B3D /* jconfig.h */ = {isa = PBXFileReference; fileEncoding = 4; lastKnownFileType = sourcecode.c.h; name = jconfig.h; path = ../../../../../../../usr/local/Cellar/jpeg/8d/include/jconfig.h; sourceTree = "<group>"; };
		B29EF5DC1BBFDE4800888B3D /* jerror.h */ = {isa = PBXFileReference; fileEncoding = 4; lastKnownFileType = sourcecode.c.h; name = jerror.h; path = ../../../../../../../usr/local/Cellar/jpeg/8d/include/jerror.h; sourceTree = "<group>"; };
		B29EF5DD1BBFDE4800888B3D /* jmorecfg.h */ = {isa = PBXFileReference; fileEncoding = 4; lastKnownFileType = sourcecode.c.h; name = jmorecfg.h; path = ../../../../../../../usr/local/Cellar/jpeg/8d/include/jmorecfg.h; sourceTree = "<group>"; };
		B29EF5DE1BBFDE4800888B3D /* jpeglib.h */ = {isa = PBXFileReference; fileEncoding = 4; lastKnownFileType = sourcecode.c.h; name = jpeglib.h; path = ../../../../../../../usr/local/Cellar/jpeg/8d/include/jpeglib.h; sourceTree = "<group>"; };
		B29EF5DF1BBFDE8C00888B3D /* png.h */ = {isa = PBXFileReference; fileEncoding = 4; lastKnownFileType = sourcecode.c.h; name = png.h; path = ../../../../../../../usr/local/Cellar/libpng/1.6.17/include/libpng16/png.h; sourceTree = "<group>"; };
		B29EF5E01BBFDE8C00888B3D /* pngconf.h */ = {isa = PBXFileReference; fileEncoding = 4; lastKnownFileType = sourcecode.c.h; name = pngconf.h; path = ../../../../../../../usr/local/Cellar/libpng/1.6.17/include/libpng16/pngconf.h; sourceTree = "<group>"; };
		B29EF5E11BBFDE8C00888B3D /* pnglibconf.h */ = {isa = PBXFileReference; fileEncoding = 4; lastKnownFileType = sourcecode.c.h; name = pnglibconf.h; path = ../../../../../../../usr/local/Cellar/libpng/1.6.17/include/libpng16/pnglibconf.h; sourceTree = "<group>"; };
		B29EF5E21BBFDEAE00888B3D /* libpng16.a */ = {isa = PBXFileReference; lastKnownFileType = archive.ar; name = libpng16.a; path = ../../../../../../usr/local/Cellar/libpng/1.6.17/lib/libpng16.a; sourceTree = "<group>"; };
		B29EF5E41BBFE0A400888B3D /* libz.tbd */ = {isa = PBXFileReference; lastKnownFileType = "sourcecode.text-based-dylib-definition"; name = libz.tbd; path = usr/lib/libz.tbd; sourceTree = SDKROOT; };
		B29EF5E71BBFE17500888B3D /* PixBinarizer.cpp */ = {isa = PBXFileReference; fileEncoding = 4; lastKnownFileType = sourcecode.cpp.cpp; name = PixBinarizer.cpp; path = "../../../image-processing/src/PixBinarizer.cpp"; sourceTree = "<group>"; };
		B29EF5E81BBFE17500888B3D /* PixBinarizer.h */ = {isa = PBXFileReference; fileEncoding = 4; lastKnownFileType = sourcecode.c.h; name = PixBinarizer.h; path = "../../../image-processing/src/PixBinarizer.h"; sourceTree = "<group>"; };
		B29EF5EA1BBFF72C00888B3D /* binarize.cpp */ = {isa = PBXFileReference; fileEncoding = 4; lastKnownFileType = sourcecode.cpp.cpp; name = binarize.cpp; path = "../../../image-processing/src/binarize.cpp"; sourceTree = "<group>"; };
		B29EF5EB1BBFF72C00888B3D /* binarize.h */ = {isa = PBXFileReference; fileEncoding = 4; lastKnownFileType = sourcecode.c.h; name = binarize.h; path = "../../../image-processing/src/binarize.h"; sourceTree = "<group>"; };
		B2C5B0AD1C660C09000ADD91 /* PixEdgeDetector.cpp */ = {isa = PBXFileReference; fileEncoding = 4; lastKnownFileType = sourcecode.cpp.cpp; name = PixEdgeDetector.cpp; path = "../../../image-processing/src/PixEdgeDetector.cpp"; sourceTree = "<group>"; };
		B2C5B0AE1C660C09000ADD91 /* PixEdgeDetector.h */ = {isa = PBXFileReference; fileEncoding = 4; lastKnownFileType = sourcecode.c.h; name = PixEdgeDetector.h; path = "../../../image-processing/src/PixEdgeDetector.h"; sourceTree = "<group>"; };
/* End PBXFileReference section */

/* Begin PBXFrameworksBuildPhase section */
		B29EF1111BBFAEFA00888B3D /* Frameworks */ = {
			isa = PBXFrameworksBuildPhase;
			buildActionMask = 2147483647;
			files = (
				B29EF5E51BBFE0A400888B3D /* libz.tbd in Frameworks */,
				B29EF5E31BBFDEAE00888B3D /* libpng16.a in Frameworks */,
				B29EF5D91BBFB39300888B3D /* libjpeg.a in Frameworks */,
			);
			runOnlyForDeploymentPostprocessing = 0;
		};
/* End PBXFrameworksBuildPhase section */

/* Begin PBXGroup section */
		B29EF10B1BBFAEFA00888B3D = {
			isa = PBXGroup;
			children = (
				B29EF5E41BBFE0A400888B3D /* libz.tbd */,
				B29EF5E21BBFDEAE00888B3D /* libpng16.a */,
				B29EF5D81BBFB39300888B3D /* libjpeg.a */,
				B29EF1161BBFAEFA00888B3D /* ImageProcessing */,
				B29EF1151BBFAEFA00888B3D /* Products */,
			);
			sourceTree = "<group>";
		};
		B29EF1151BBFAEFA00888B3D /* Products */ = {
			isa = PBXGroup;
			children = (
				B29EF1141BBFAEFA00888B3D /* ImageProcessing */,
			);
			name = Products;
			sourceTree = "<group>";
		};
		B29EF1161BBFAEFA00888B3D /* ImageProcessing */ = {
			isa = PBXGroup;
			children = (
				B29EF5E61BBFE11500888B3D /* src */,
				B29EF5DA1BBFDE2300888B3D /* headers */,
				B29EF1211BBFB17700888B3D /* leptonica */,
				B29EF1171BBFAEFA00888B3D /* main.cpp */,
			);
			path = ImageProcessing;
			sourceTree = "<group>";
		};
		B29EF1211BBFB17700888B3D /* leptonica */ = {
			isa = PBXGroup;
			children = (
				B29EF1221BBFB17700888B3D /* adaptmap.c */,
				B29EF1231BBFB17700888B3D /* affine.c */,
				B29EF1241BBFB17700888B3D /* affinecompose.c */,
				B29EF1261BBFB17700888B3D /* allheaders_bot.txt */,
				B29EF1271BBFB17700888B3D /* allheaders_top.txt */,
				B29EF1281BBFB17700888B3D /* alltypes.h */,
				B29EF1291BBFB17700888B3D /* array.h */,
				B29EF12A1BBFB17700888B3D /* arrayaccess.c */,
				B29EF12B1BBFB17700888B3D /* arrayaccess.h */,
				B29EF12C1BBFB17700888B3D /* bardecode.c */,
				B29EF12D1BBFB17700888B3D /* baseline.c */,
				B29EF12E1BBFB17700888B3D /* bbuffer.c */,
				B29EF12F1BBFB17700888B3D /* bbuffer.h */,
				B29EF1301BBFB17700888B3D /* bilateral.c */,
				B29EF1311BBFB17700888B3D /* bilateral.h */,
				B29EF1321BBFB17700888B3D /* bilinear.c */,
				B29EF1331BBFB17700888B3D /* binarize.c */,
				B29EF1341BBFB17700888B3D /* binexpand.c */,
				B29EF1351BBFB17700888B3D /* binreduce.c */,
				B29EF1361BBFB17700888B3D /* blend.c */,
				B29EF1371BBFB17700888B3D /* bmf.c */,
				B29EF1381BBFB17700888B3D /* bmf.h */,
				B29EF1391BBFB17700888B3D /* bmp.h */,
				B29EF13A1BBFB17700888B3D /* bmpio.c */,
				B29EF13B1BBFB17700888B3D /* bmpiostub.c */,
				B29EF13C1BBFB17700888B3D /* boxbasic.c */,
				B29EF13D1BBFB17700888B3D /* boxfunc1.c */,
				B29EF13E1BBFB17700888B3D /* boxfunc2.c */,
				B29EF13F1BBFB17700888B3D /* boxfunc3.c */,
				B29EF1401BBFB17700888B3D /* boxfunc4.c */,
				B29EF1411BBFB17700888B3D /* bytearray.c */,
				B29EF1421BBFB17700888B3D /* ccbord.c */,
				B29EF1431BBFB17700888B3D /* ccbord.h */,
				B29EF1441BBFB17700888B3D /* ccthin.c */,
				B29EF1451BBFB17700888B3D /* classapp.c */,
				B29EF1461BBFB17700888B3D /* colorcontent.c */,
				B29EF1471BBFB17700888B3D /* coloring.c */,
				B29EF1481BBFB17700888B3D /* colormap.c */,
				B29EF1491BBFB17700888B3D /* colormorph.c */,
				B29EF14A1BBFB17700888B3D /* colorquant1.c */,
				B29EF14B1BBFB17700888B3D /* colorquant2.c */,
				B29EF14C1BBFB17700888B3D /* colorseg.c */,
				B29EF14D1BBFB17700888B3D /* colorspace.c */,
				B29EF14E1BBFB17700888B3D /* compare.c */,
				B29EF14F1BBFB17700888B3D /* conncomp.c */,
				B29EF1501BBFB17700888B3D /* convertfiles.c */,
				B29EF1511BBFB17700888B3D /* convolve.c */,
				B29EF1521BBFB17700888B3D /* convolvelow.c */,
				B29EF1531BBFB17700888B3D /* correlscore.c */,
				B29EF1541BBFB17700888B3D /* dewarp.h */,
				B29EF1551BBFB17700888B3D /* dewarp1.c */,
				B29EF1561BBFB17700888B3D /* dewarp2.c */,
				B29EF1571BBFB17700888B3D /* dewarp3.c */,
				B29EF1581BBFB17700888B3D /* dewarp4.c */,
				B29EF1591BBFB17700888B3D /* dnabasic.c */,
				B29EF15A1BBFB17700888B3D /* dwacomb.2.c */,
				B29EF15B1BBFB17700888B3D /* dwacomblow.2.c */,
				B29EF15C1BBFB17700888B3D /* edge.c */,
				B29EF15D1BBFB17700888B3D /* endianness.h */,
				B29EF15E1BBFB17700888B3D /* endianness.h.dist */,
				B29EF15F1BBFB17700888B3D /* endianness.h.in */,
				B29EF1601BBFB17700888B3D /* enhance.c */,
				B29EF1611BBFB17700888B3D /* environ.h */,
				B29EF1621BBFB17700888B3D /* fhmtauto.c */,
				B29EF1631BBFB17700888B3D /* fhmtgen.1.c */,
				B29EF1641BBFB17700888B3D /* fhmtgenlow.1.c */,
				B29EF1651BBFB17700888B3D /* finditalic.c */,
				B29EF1661BBFB17700888B3D /* flipdetect.c */,
				B29EF1671BBFB17700888B3D /* fliphmtgen.c */,
				B29EF1681BBFB17700888B3D /* fmorphauto.c */,
				B29EF1691BBFB17700888B3D /* fmorphgen.1.c */,
				B29EF16A1BBFB17700888B3D /* fmorphgenlow.1.c */,
				B29EF16B1BBFB17700888B3D /* fpix1.c */,
				B29EF16C1BBFB17700888B3D /* fpix2.c */,
				B29EF16D1BBFB17700888B3D /* freetype.h */,
				B29EF16E1BBFB17700888B3D /* gifio.c */,
				B29EF16F1BBFB17700888B3D /* gifiostub.c */,
				B29EF1701BBFB17700888B3D /* gplot.c */,
				B29EF1711BBFB17700888B3D /* gplot.h */,
				B29EF1721BBFB17700888B3D /* graphics.c */,
				B29EF1731BBFB17700888B3D /* graymorph.c */,
				B29EF1741BBFB17700888B3D /* graymorphlow.c */,
				B29EF1751BBFB17700888B3D /* grayquant.c */,
				B29EF1761BBFB17700888B3D /* grayquantlow.c */,
				B29EF1771BBFB17700888B3D /* heap.c */,
				B29EF1781BBFB17700888B3D /* heap.h */,
				B29EF1791BBFB17700888B3D /* hmttemplate1.txt */,
				B29EF17A1BBFB17700888B3D /* hmttemplate2.txt */,
				B29EF17B1BBFB17700888B3D /* imageio.h */,
				B29EF17C1BBFB17700888B3D /* jbclass.c */,
				B29EF17D1BBFB17700888B3D /* jbclass.h */,
				B29EF17E1BBFB17700888B3D /* jp2kheader.c */,
				B29EF17F1BBFB17700888B3D /* jp2kheaderstub.c */,
				B29EF1801BBFB17700888B3D /* jp2kio.c */,
				B29EF1811BBFB17700888B3D /* jp2kiostub.c */,
				B29EF1821BBFB17700888B3D /* jpegio.c */,
				B29EF1831BBFB17700888B3D /* jpegiostub.c */,
				B29EF1841BBFB17700888B3D /* kernel.c */,
				B29EF1851BBFB17700888B3D /* leptonica-license.txt */,
				B29EF1861BBFB17700888B3D /* leptwin.c */,
				B29EF1871BBFB17700888B3D /* leptwin.h */,
				B29EF1881BBFB17700888B3D /* libversions.c */,
				B29EF1891BBFB17700888B3D /* list.c */,
				B29EF18A1BBFB17700888B3D /* list.h */,
				B29EF18B1BBFB17700888B3D /* Makefile.am */,
				B29EF18C1BBFB17700888B3D /* Makefile.in */,
				B29EF18D1BBFB17700888B3D /* makefile.static */,
				B29EF18E1BBFB17700888B3D /* maze.c */,
				B29EF18F1BBFB17700888B3D /* morph.c */,
				B29EF1901BBFB17700888B3D /* morph.h */,
				B29EF1911BBFB17700888B3D /* morphapp.c */,
				B29EF1921BBFB17700888B3D /* morphdwa.c */,
				B29EF1931BBFB17700888B3D /* morphseq.c */,
				B29EF1941BBFB17700888B3D /* morphtemplate1.txt */,
				B29EF1951BBFB17700888B3D /* morphtemplate2.txt */,
				B29EF1961BBFB17700888B3D /* numabasic.c */,
				B29EF1971BBFB17700888B3D /* numafunc1.c */,
				B29EF1981BBFB17700888B3D /* numafunc2.c */,
				B29EF1991BBFB17700888B3D /* pageseg.c */,
				B29EF19A1BBFB17700888B3D /* paintcmap.c */,
				B29EF19B1BBFB17700888B3D /* parseprotos.c */,
				B29EF19C1BBFB17700888B3D /* partition.c */,
				B29EF19D1BBFB17700888B3D /* pdfio1.c */,
				B29EF19E1BBFB17700888B3D /* pdfio1stub.c */,
				B29EF19F1BBFB17700888B3D /* pdfio2.c */,
				B29EF1A01BBFB17700888B3D /* pdfio2stub.c */,
				B29EF1A11BBFB17700888B3D /* pix.h */,
				B29EF1A21BBFB17700888B3D /* pix1.c */,
				B29EF1A31BBFB17700888B3D /* pix2.c */,
				B29EF1A41BBFB17700888B3D /* pix3.c */,
				B29EF1A51BBFB17700888B3D /* pix4.c */,
				B29EF1A61BBFB17700888B3D /* pix5.c */,
				B29EF1A71BBFB17700888B3D /* pixabasic.c */,
				B29EF1A81BBFB17700888B3D /* pixacc.c */,
				B29EF1A91BBFB17700888B3D /* pixafunc1.c */,
				B29EF1AA1BBFB17700888B3D /* pixafunc2.c */,
				B29EF1AB1BBFB17700888B3D /* pixalloc.c */,
				B29EF1AC1BBFB17700888B3D /* pixarith.c */,
				B29EF1AD1BBFB17700888B3D /* pixcomp.c */,
				B29EF1AE1BBFB17700888B3D /* pixconv.c */,
				B29EF1AF1BBFB17700888B3D /* pixlabel.c */,
				B29EF1B01BBFB17700888B3D /* pixtiling.c */,
				B29EF1B11BBFB17700888B3D /* pngio.c */,
				B29EF1B21BBFB17700888B3D /* pngiostub.c */,
				B29EF1B31BBFB17700888B3D /* pnmio.c */,
				B29EF1B41BBFB17700888B3D /* pnmiostub.c */,
				B29EF1B51BBFB17700888B3D /* projective.c */,
				B29EF1B61BBFB17700888B3D /* psio1.c */,
				B29EF1B71BBFB17700888B3D /* psio1stub.c */,
				B29EF1B81BBFB17700888B3D /* psio2.c */,
				B29EF1B91BBFB17700888B3D /* psio2stub.c */,
				B29EF1BA1BBFB17700888B3D /* ptabasic.c */,
				B29EF1BB1BBFB17700888B3D /* ptafunc1.c */,
				B29EF1BC1BBFB17700888B3D /* ptra.c */,
				B29EF1BD1BBFB17700888B3D /* ptra.h */,
				B29EF1BE1BBFB17700888B3D /* quadtree.c */,
				B29EF1BF1BBFB17700888B3D /* queue.c */,
				B29EF1C01BBFB17700888B3D /* queue.h */,
				B29EF1C11BBFB17700888B3D /* rank.c */,
				B29EF1C21BBFB17700888B3D /* readbarcode.c */,
				B29EF1C31BBFB17700888B3D /* readbarcode.h */,
				B29EF1C41BBFB17700888B3D /* readfile.c */,
				B29EF1C51BBFB17700888B3D /* recog.h */,
				B29EF1C61BBFB17700888B3D /* recogbasic.c */,
				B29EF1C71BBFB17700888B3D /* recogdid.c */,
				B29EF1C81BBFB17700888B3D /* recogident.c */,
				B29EF1C91BBFB17700888B3D /* recogtrain.c */,
				B29EF1CA1BBFB17700888B3D /* regutils.c */,
				B29EF1CB1BBFB17700888B3D /* regutils.h */,
				B29EF1CC1BBFB17700888B3D /* rop.c */,
				B29EF1CD1BBFB17700888B3D /* ropiplow.c */,
				B29EF1CE1BBFB17700888B3D /* roplow.c */,
				B29EF1CF1BBFB17700888B3D /* rotate.c */,
				B29EF1D01BBFB17700888B3D /* rotateam.c */,
				B29EF1D11BBFB17700888B3D /* rotateamlow.c */,
				B29EF1D21BBFB17700888B3D /* rotateorth.c */,
				B29EF1D31BBFB17700888B3D /* rotateshear.c */,
				B29EF1D41BBFB17700888B3D /* runlength.c */,
				B29EF1D51BBFB17700888B3D /* sarray.c */,
				B29EF1D61BBFB17700888B3D /* scale.c */,
				B29EF1D71BBFB17700888B3D /* scalelow.c */,
				B29EF1D81BBFB17700888B3D /* seedfill.c */,
				B29EF1D91BBFB17700888B3D /* seedfilllow.c */,
				B29EF1DA1BBFB17700888B3D /* sel1.c */,
				B29EF1DB1BBFB17700888B3D /* sel2.c */,
				B29EF1DC1BBFB17700888B3D /* selgen.c */,
				B29EF1DD1BBFB17700888B3D /* shear.c */,
				B29EF1DE1BBFB17700888B3D /* skew.c */,
				B29EF1DF1BBFB17700888B3D /* spixio.c */,
				B29EF1E01BBFB17700888B3D /* stack.c */,
				B29EF1E11BBFB17700888B3D /* stack.h */,
				B29EF1E21BBFB17700888B3D /* sudoku.c */,
				B29EF1E31BBFB17700888B3D /* sudoku.h */,
				B29EF1E41BBFB17700888B3D /* textops.c */,
				B29EF1E51BBFB17700888B3D /* tiffio.c */,
				B29EF1E61BBFB17700888B3D /* tiffiostub.c */,
				B29EF1E71BBFB17700888B3D /* utils.c */,
				B29EF1E81BBFB17700888B3D /* viewfiles.c */,
				B29EF1E91BBFB17700888B3D /* warper.c */,
				B29EF1EA1BBFB17700888B3D /* watershed.c */,
				B29EF1EB1BBFB17700888B3D /* watershed.h */,
				B29EF1EC1BBFB17700888B3D /* webpio.c */,
				B29EF1ED1BBFB17700888B3D /* webpiostub.c */,
				B29EF1EE1BBFB17700888B3D /* writefile.c */,
				B29EF1EF1BBFB17700888B3D /* zlibmem.c */,
				B29EF1F01BBFB17700888B3D /* zlibmemstub.c */,
			);
			name = leptonica;
			path = "../../../tess-two/tess-two/jni/com_googlecode_leptonica_android/src/src";
			sourceTree = "<group>";
		};
		B29EF5DA1BBFDE2300888B3D /* headers */ = {
			isa = PBXGroup;
			children = (
				B29EF1251BBFB17700888B3D /* allheaders.h */,
				B29EF5DF1BBFDE8C00888B3D /* png.h */,
				B29EF5E01BBFDE8C00888B3D /* pngconf.h */,
				B29EF5E11BBFDE8C00888B3D /* pnglibconf.h */,
				B29EF5DB1BBFDE4800888B3D /* jconfig.h */,
				B29EF5DC1BBFDE4800888B3D /* jerror.h */,
				B29EF5DD1BBFDE4800888B3D /* jmorecfg.h */,
				B29EF5DE1BBFDE4800888B3D /* jpeglib.h */,
			);
			name = headers;
			sourceTree = "<group>";
		};
		B29EF5E61BBFE11500888B3D /* src */ = {
			isa = PBXGroup;
			children = (
				B242B5351C8AA82C008E56DE /* dewarp_textfairy.h */,
				B242B5361C8AA82C008E56DE /* dewarp.cpp */,
				B242B5321C8AA44B008E56DE /* image_processing_util.cpp */,
				B242B5331C8AA44B008E56DE /* image_processing_util.h */,
				B242B52F1C8A94AD008E56DE /* pageseg.cpp */,
				B242B5301C8A94AD008E56DE /* pageseg.h */,
				B2C5B0AD1C660C09000ADD91 /* PixEdgeDetector.cpp */,
				B2C5B0AE1C660C09000ADD91 /* PixEdgeDetector.h */,
				B26DE9E11C143C9300D73678 /* RunningStats.cpp */,
				B26DE9E21C143C9300D73678 /* RunningStats.h */,
				B29E1CF61BE486670023496D /* PixAdaptiveBinarizer.cpp */,
				B29E1CF71BE486670023496D /* PixAdaptiveBinarizer.h */,
				B29E1CF81BE486670023496D /* TimerUtil.cpp */,
				B29E1CF91BE486670023496D /* TimerUtil.h */,
				B29EF5EA1BBFF72C00888B3D /* binarize.cpp */,
				B29EF5EB1BBFF72C00888B3D /* binarize.h */,
				B29EF5E71BBFE17500888B3D /* PixBinarizer.cpp */,
				B29EF5E81BBFE17500888B3D /* PixBinarizer.h */,
			);
			name = src;
			sourceTree = "<group>";
		};
/* End PBXGroup section */

/* Begin PBXNativeTarget section */
		B29EF1131BBFAEFA00888B3D /* ImageProcessing */ = {
			isa = PBXNativeTarget;
			buildConfigurationList = B29EF11B1BBFAEFA00888B3D /* Build configuration list for PBXNativeTarget "ImageProcessing" */;
			buildPhases = (
				B29EF1101BBFAEFA00888B3D /* Sources */,
				B29EF1111BBFAEFA00888B3D /* Frameworks */,
				B29EF1121BBFAEFA00888B3D /* CopyFiles */,
			);
			buildRules = (
			);
			dependencies = (
			);
			name = ImageProcessing;
			productName = ImageProcessing;
			productReference = B29EF1141BBFAEFA00888B3D /* ImageProcessing */;
			productType = "com.apple.product-type.tool";
		};
/* End PBXNativeTarget section */

/* Begin PBXProject section */
		B29EF10C1BBFAEFA00888B3D /* Project object */ = {
			isa = PBXProject;
			attributes = {
				LastUpgradeCheck = 0700;
				ORGANIZATIONNAME = "Renard Wellnitz";
				TargetAttributes = {
					B29EF1131BBFAEFA00888B3D = {
						CreatedOnToolsVersion = 7.0.1;
					};
				};
			};
			buildConfigurationList = B29EF10F1BBFAEFA00888B3D /* Build configuration list for PBXProject "ImageProcessing" */;
			compatibilityVersion = "Xcode 3.2";
			developmentRegion = English;
			hasScannedForEncodings = 0;
			knownRegions = (
				en,
			);
			mainGroup = B29EF10B1BBFAEFA00888B3D;
			productRefGroup = B29EF1151BBFAEFA00888B3D /* Products */;
			projectDirPath = "";
			projectRoot = "";
			targets = (
				B29EF1131BBFAEFA00888B3D /* ImageProcessing */,
			);
		};
/* End PBXProject section */

/* Begin PBXSourcesBuildPhase section */
		B29EF1101BBFAEFA00888B3D /* Sources */ = {
			isa = PBXSourcesBuildPhase;
			buildActionMask = 2147483647;
			files = (
				B29EF1F11BBFB20400888B3D /* adaptmap.c in Sources */,
				B29EF1F21BBFB20400888B3D /* affine.c in Sources */,
				B29EF1F31BBFB20400888B3D /* affinecompose.c in Sources */,
				B29EF1F91BBFB20400888B3D /* arrayaccess.c in Sources */,
				B29EF1FB1BBFB20400888B3D /* bardecode.c in Sources */,
				B29EF1FC1BBFB20400888B3D /* baseline.c in Sources */,
				B29EF1FD1BBFB20400888B3D /* bbuffer.c in Sources */,
				B29EF1FF1BBFB20400888B3D /* bilateral.c in Sources */,
				B29EF2011BBFB20400888B3D /* bilinear.c in Sources */,
				B29EF2021BBFB20400888B3D /* binarize.c in Sources */,
				B29EF2031BBFB20400888B3D /* binexpand.c in Sources */,
				B29EF2041BBFB20400888B3D /* binreduce.c in Sources */,
				B29EF2051BBFB20400888B3D /* blend.c in Sources */,
				B29EF2061BBFB20400888B3D /* bmf.c in Sources */,
				B29EF2091BBFB20400888B3D /* bmpio.c in Sources */,
				B29EF20A1BBFB20400888B3D /* bmpiostub.c in Sources */,
				B29EF20B1BBFB20400888B3D /* boxbasic.c in Sources */,
				B29EF20C1BBFB20400888B3D /* boxfunc1.c in Sources */,
				B29EF20D1BBFB20400888B3D /* boxfunc2.c in Sources */,
				B29EF20E1BBFB20400888B3D /* boxfunc3.c in Sources */,
				B29EF20F1BBFB20400888B3D /* boxfunc4.c in Sources */,
				B29EF2101BBFB20400888B3D /* bytearray.c in Sources */,
				B29EF2111BBFB20400888B3D /* ccbord.c in Sources */,
				B29EF2131BBFB20400888B3D /* ccthin.c in Sources */,
				B29EF2141BBFB20400888B3D /* classapp.c in Sources */,
				B29EF2151BBFB20400888B3D /* colorcontent.c in Sources */,
				B29EF2161BBFB20400888B3D /* coloring.c in Sources */,
				B29EF2171BBFB20400888B3D /* colormap.c in Sources */,
				B29EF2181BBFB20400888B3D /* colormorph.c in Sources */,
				B29EF2191BBFB20400888B3D /* colorquant1.c in Sources */,
				B29EF21A1BBFB20400888B3D /* colorquant2.c in Sources */,
				B29EF21B1BBFB20400888B3D /* colorseg.c in Sources */,
				B29EF21C1BBFB20400888B3D /* colorspace.c in Sources */,
				B29EF21D1BBFB20400888B3D /* compare.c in Sources */,
				B29EF21E1BBFB20400888B3D /* conncomp.c in Sources */,
				B29EF21F1BBFB20400888B3D /* convertfiles.c in Sources */,
				B29EF2201BBFB20400888B3D /* convolve.c in Sources */,
				B29EF2211BBFB20400888B3D /* convolvelow.c in Sources */,
				B29EF2221BBFB20400888B3D /* correlscore.c in Sources */,
				B29EF2241BBFB20400888B3D /* dewarp1.c in Sources */,
				B29EF2251BBFB20400888B3D /* dewarp2.c in Sources */,
				B29EF2261BBFB20400888B3D /* dewarp3.c in Sources */,
				B29EF2271BBFB20400888B3D /* dewarp4.c in Sources */,
				B29EF2281BBFB20400888B3D /* dnabasic.c in Sources */,
				B2C5B0AF1C660C09000ADD91 /* PixEdgeDetector.cpp in Sources */,
				B29EF2291BBFB20400888B3D /* dwacomb.2.c in Sources */,
				B29EF22A1BBFB20400888B3D /* dwacomblow.2.c in Sources */,
				B29EF22B1BBFB20400888B3D /* edge.c in Sources */,
				B29EF22F1BBFB20400888B3D /* enhance.c in Sources */,
				B29EF2311BBFB20400888B3D /* fhmtauto.c in Sources */,
				B29EF2321BBFB20400888B3D /* fhmtgen.1.c in Sources */,
				B29EF2331BBFB20400888B3D /* fhmtgenlow.1.c in Sources */,
				B29EF2341BBFB20400888B3D /* finditalic.c in Sources */,
				B29EF2351BBFB20400888B3D /* flipdetect.c in Sources */,
				B29EF2361BBFB20400888B3D /* fliphmtgen.c in Sources */,
				B29EF2371BBFB20400888B3D /* fmorphauto.c in Sources */,
				B29EF2381BBFB20400888B3D /* fmorphgen.1.c in Sources */,
				B29EF2391BBFB20400888B3D /* fmorphgenlow.1.c in Sources */,
				B29EF23A1BBFB20400888B3D /* fpix1.c in Sources */,
				B29EF23B1BBFB20400888B3D /* fpix2.c in Sources */,
				B29EF23D1BBFB20400888B3D /* gifio.c in Sources */,
				B29EF23E1BBFB20400888B3D /* gifiostub.c in Sources */,
				B29EF23F1BBFB20400888B3D /* gplot.c in Sources */,
				B29EF2411BBFB20400888B3D /* graphics.c in Sources */,
				B29EF2421BBFB20400888B3D /* graymorph.c in Sources */,
				B29EF2431BBFB20400888B3D /* graymorphlow.c in Sources */,
				B29EF2441BBFB20400888B3D /* grayquant.c in Sources */,
				B29EF2451BBFB20400888B3D /* grayquantlow.c in Sources */,
				B29EF2461BBFB20400888B3D /* heap.c in Sources */,
				B29EF24B1BBFB20400888B3D /* jbclass.c in Sources */,
				B29EF24D1BBFB20400888B3D /* jp2kheader.c in Sources */,
				B29EF24E1BBFB20400888B3D /* jp2kheaderstub.c in Sources */,
				B29EF24F1BBFB20400888B3D /* jp2kio.c in Sources */,
				B29EF2501BBFB20400888B3D /* jp2kiostub.c in Sources */,
				B29EF2511BBFB20400888B3D /* jpegio.c in Sources */,
				B29EF2521BBFB20400888B3D /* jpegiostub.c in Sources */,
				B29EF2531BBFB20400888B3D /* kernel.c in Sources */,
				B29E1CFA1BE486670023496D /* PixAdaptiveBinarizer.cpp in Sources */,
				B29EF2551BBFB20400888B3D /* leptwin.c in Sources */,
				B29EF2571BBFB20400888B3D /* libversions.c in Sources */,
				B29EF2581BBFB20400888B3D /* list.c in Sources */,
				B29EF25E1BBFB20400888B3D /* morph.c in Sources */,
				B29EF2601BBFB20400888B3D /* morphapp.c in Sources */,
				B29EF2611BBFB20400888B3D /* morphdwa.c in Sources */,
				B29EF2621BBFB20400888B3D /* morphseq.c in Sources */,
				B29EF2651BBFB20400888B3D /* numabasic.c in Sources */,
				B29EF2661BBFB20400888B3D /* numafunc1.c in Sources */,
				B29EF2671BBFB20400888B3D /* numafunc2.c in Sources */,
				B29EF2681BBFB20400888B3D /* pageseg.c in Sources */,
				B29EF2691BBFB20400888B3D /* paintcmap.c in Sources */,
				B29EF26A1BBFB20400888B3D /* parseprotos.c in Sources */,
				B29EF26B1BBFB20400888B3D /* partition.c in Sources */,
				B29EF26C1BBFB20400888B3D /* pdfio1.c in Sources */,
				B29EF26D1BBFB20400888B3D /* pdfio1stub.c in Sources */,
				B29EF26E1BBFB20400888B3D /* pdfio2.c in Sources */,
				B29EF26F1BBFB20400888B3D /* pdfio2stub.c in Sources */,
				B29EF2711BBFB20400888B3D /* pix1.c in Sources */,
				B29EF2721BBFB20400888B3D /* pix2.c in Sources */,
				B29EF2731BBFB20400888B3D /* pix3.c in Sources */,
				B29EF2741BBFB20400888B3D /* pix4.c in Sources */,
				B29EF2751BBFB20400888B3D /* pix5.c in Sources */,
				B29EF2761BBFB20400888B3D /* pixabasic.c in Sources */,
				B29EF2771BBFB20400888B3D /* pixacc.c in Sources */,
				B29EF2781BBFB20400888B3D /* pixafunc1.c in Sources */,
				B29EF2791BBFB20400888B3D /* pixafunc2.c in Sources */,
				B29EF27A1BBFB20400888B3D /* pixalloc.c in Sources */,
				B29EF27B1BBFB20400888B3D /* pixarith.c in Sources */,
				B29EF27C1BBFB20400888B3D /* pixcomp.c in Sources */,
				B29EF27D1BBFB20400888B3D /* pixconv.c in Sources */,
				B29EF27E1BBFB20400888B3D /* pixlabel.c in Sources */,
				B29E1CFB1BE486670023496D /* TimerUtil.cpp in Sources */,
				B29EF27F1BBFB20400888B3D /* pixtiling.c in Sources */,
				B29EF2801BBFB20400888B3D /* pngio.c in Sources */,
				B29EF2811BBFB20400888B3D /* pngiostub.c in Sources */,
				B29EF2821BBFB20400888B3D /* pnmio.c in Sources */,
				B29EF2831BBFB20400888B3D /* pnmiostub.c in Sources */,
				B29EF2841BBFB20400888B3D /* projective.c in Sources */,
				B29EF5E91BBFE17500888B3D /* PixBinarizer.cpp in Sources */,
				B29EF2851BBFB20400888B3D /* psio1.c in Sources */,
				B29EF2861BBFB20400888B3D /* psio1stub.c in Sources */,
				B29EF2871BBFB20400888B3D /* psio2.c in Sources */,
				B29EF2881BBFB20400888B3D /* psio2stub.c in Sources */,
				B242B5341C8AA44B008E56DE /* image_processing_util.cpp in Sources */,
				B29EF2891BBFB20400888B3D /* ptabasic.c in Sources */,
				B29EF28A1BBFB20400888B3D /* ptafunc1.c in Sources */,
				B29EF28B1BBFB20400888B3D /* ptra.c in Sources */,
				B29EF28D1BBFB20400888B3D /* quadtree.c in Sources */,
				B29EF28E1BBFB20400888B3D /* queue.c in Sources */,
				B29EF2901BBFB20400888B3D /* rank.c in Sources */,
				B29EF2911BBFB20400888B3D /* readbarcode.c in Sources */,
				B29EF2931BBFB20400888B3D /* readfile.c in Sources */,
				B29EF2951BBFB20400888B3D /* recogbasic.c in Sources */,
				B29EF2961BBFB20400888B3D /* recogdid.c in Sources */,
				B29EF2971BBFB20400888B3D /* recogident.c in Sources */,
				B29EF2981BBFB20400888B3D /* recogtrain.c in Sources */,
				B29EF2991BBFB20400888B3D /* regutils.c in Sources */,
				B29EF29B1BBFB20400888B3D /* rop.c in Sources */,
				B29EF29C1BBFB20400888B3D /* ropiplow.c in Sources */,
				B29EF29D1BBFB20400888B3D /* roplow.c in Sources */,
				B29EF29E1BBFB20400888B3D /* rotate.c in Sources */,
				B29EF29F1BBFB20400888B3D /* rotateam.c in Sources */,
				B29EF2A01BBFB20400888B3D /* rotateamlow.c in Sources */,
				B29EF2A11BBFB20400888B3D /* rotateorth.c in Sources */,
				B29EF2A21BBFB20400888B3D /* rotateshear.c in Sources */,
				B29EF2A31BBFB20400888B3D /* runlength.c in Sources */,
				B29EF2A41BBFB20500888B3D /* sarray.c in Sources */,
				B29EF2A51BBFB20500888B3D /* scale.c in Sources */,
				B29EF2A61BBFB20500888B3D /* scalelow.c in Sources */,
				B29EF2A71BBFB20500888B3D /* seedfill.c in Sources */,
				B29EF2A81BBFB20500888B3D /* seedfilllow.c in Sources */,
				B29EF2A91BBFB20500888B3D /* sel1.c in Sources */,
				B29EF2AA1BBFB20500888B3D /* sel2.c in Sources */,
				B29EF2AB1BBFB20500888B3D /* selgen.c in Sources */,
				B29EF2AC1BBFB20500888B3D /* shear.c in Sources */,
				B29EF2AD1BBFB20500888B3D /* skew.c in Sources */,
				B29EF2AE1BBFB20500888B3D /* spixio.c in Sources */,
				B242B5311C8A94AD008E56DE /* pageseg.cpp in Sources */,
				B29EF2AF1BBFB20500888B3D /* stack.c in Sources */,
				B29EF5EC1BBFF72C00888B3D /* binarize.cpp in Sources */,
				B29EF2B11BBFB20500888B3D /* sudoku.c in Sources */,
				B29EF2B31BBFB20500888B3D /* textops.c in Sources */,
				B29EF2B41BBFB20500888B3D /* tiffio.c in Sources */,
				B242B5371C8AA82C008E56DE /* dewarp.cpp in Sources */,
				B29EF2B51BBFB20500888B3D /* tiffiostub.c in Sources */,
				B26DE9E31C143C9300D73678 /* RunningStats.cpp in Sources */,
				B29EF2B61BBFB20500888B3D /* utils.c in Sources */,
				B29EF2B71BBFB20500888B3D /* viewfiles.c in Sources */,
				B29EF2B81BBFB20500888B3D /* warper.c in Sources */,
				B29EF2B91BBFB20500888B3D /* watershed.c in Sources */,
				B29EF2BB1BBFB20500888B3D /* webpio.c in Sources */,
				B29EF2BC1BBFB20500888B3D /* webpiostub.c in Sources */,
				B29EF2BD1BBFB20500888B3D /* writefile.c in Sources */,
				B29EF2BE1BBFB20500888B3D /* zlibmem.c in Sources */,
				B29EF2BF1BBFB20500888B3D /* zlibmemstub.c in Sources */,
				B29EF1181BBFAEFA00888B3D /* main.cpp in Sources */,
			);
			runOnlyForDeploymentPostprocessing = 0;
		};
/* End PBXSourcesBuildPhase section */

/* Begin XCBuildConfiguration section */
		B29EF1191BBFAEFA00888B3D /* Debug */ = {
			isa = XCBuildConfiguration;
			buildSettings = {
				ALWAYS_SEARCH_USER_PATHS = NO;
				CLANG_CXX_LANGUAGE_STANDARD = "gnu++0x";
				CLANG_CXX_LIBRARY = "libc++";
				CLANG_ENABLE_MODULES = YES;
				CLANG_ENABLE_OBJC_ARC = YES;
				CLANG_WARN_BOOL_CONVERSION = YES;
				CLANG_WARN_CONSTANT_CONVERSION = YES;
				CLANG_WARN_DIRECT_OBJC_ISA_USAGE = YES_ERROR;
				CLANG_WARN_EMPTY_BODY = YES;
				CLANG_WARN_ENUM_CONVERSION = YES;
				CLANG_WARN_INT_CONVERSION = YES;
				CLANG_WARN_OBJC_ROOT_CLASS = YES_ERROR;
				CLANG_WARN_UNREACHABLE_CODE = YES;
				CLANG_WARN__DUPLICATE_METHOD_MATCH = YES;
				COPY_PHASE_STRIP = NO;
				DEBUG_INFORMATION_FORMAT = dwarf;
				ENABLE_STRICT_OBJC_MSGSEND = YES;
				ENABLE_TESTABILITY = YES;
				GCC_C_LANGUAGE_STANDARD = gnu99;
				GCC_DYNAMIC_NO_PIC = NO;
				GCC_NO_COMMON_BLOCKS = YES;
				GCC_OPTIMIZATION_LEVEL = 0;
				GCC_PREPROCESSOR_DEFINITIONS = (
					"DEBUG=1",
					"$(inherited)",
				);
				GCC_WARN_64_TO_32_BIT_CONVERSION = YES;
				GCC_WARN_ABOUT_RETURN_TYPE = YES_ERROR;
				GCC_WARN_UNDECLARED_SELECTOR = YES;
				GCC_WARN_UNINITIALIZED_AUTOS = YES_AGGRESSIVE;
				GCC_WARN_UNUSED_FUNCTION = YES;
				GCC_WARN_UNUSED_VARIABLE = YES;
				MACOSX_DEPLOYMENT_TARGET = 10.10;
				MTL_ENABLE_DEBUG_INFO = YES;
				ONLY_ACTIVE_ARCH = YES;
				SDKROOT = macosx;
			};
			name = Debug;
		};
		B29EF11A1BBFAEFA00888B3D /* Release */ = {
			isa = XCBuildConfiguration;
			buildSettings = {
				ALWAYS_SEARCH_USER_PATHS = NO;
				CLANG_CXX_LANGUAGE_STANDARD = "gnu++0x";
				CLANG_CXX_LIBRARY = "libc++";
				CLANG_ENABLE_MODULES = YES;
				CLANG_ENABLE_OBJC_ARC = YES;
				CLANG_WARN_BOOL_CONVERSION = YES;
				CLANG_WARN_CONSTANT_CONVERSION = YES;
				CLANG_WARN_DIRECT_OBJC_ISA_USAGE = YES_ERROR;
				CLANG_WARN_EMPTY_BODY = YES;
				CLANG_WARN_ENUM_CONVERSION = YES;
				CLANG_WARN_INT_CONVERSION = YES;
				CLANG_WARN_OBJC_ROOT_CLASS = YES_ERROR;
				CLANG_WARN_UNREACHABLE_CODE = YES;
				CLANG_WARN__DUPLICATE_METHOD_MATCH = YES;
				COPY_PHASE_STRIP = NO;
				DEBUG_INFORMATION_FORMAT = "dwarf-with-dsym";
				ENABLE_NS_ASSERTIONS = NO;
				ENABLE_STRICT_OBJC_MSGSEND = YES;
				GCC_C_LANGUAGE_STANDARD = gnu99;
				GCC_NO_COMMON_BLOCKS = YES;
				GCC_WARN_64_TO_32_BIT_CONVERSION = YES;
				GCC_WARN_ABOUT_RETURN_TYPE = YES_ERROR;
				GCC_WARN_UNDECLARED_SELECTOR = YES;
				GCC_WARN_UNINITIALIZED_AUTOS = YES_AGGRESSIVE;
				GCC_WARN_UNUSED_FUNCTION = YES;
				GCC_WARN_UNUSED_VARIABLE = YES;
				MACOSX_DEPLOYMENT_TARGET = 10.10;
				MTL_ENABLE_DEBUG_INFO = NO;
				SDKROOT = macosx;
			};
			name = Release;
		};
		B29EF11C1BBFAEFA00888B3D /* Debug */ = {
			isa = XCBuildConfiguration;
			buildSettings = {
				HEADER_SEARCH_PATHS = (
					"<Multiple",
					"values>",
					"/Users/renard/devel/textfairy/tess-two/tess-two/jni/com_googlecode_leptonica_android/src/src",
				);
				"HEADER_SEARCH_PATHS[arch=*]" = "";
				LIBRARY_SEARCH_PATHS = (
					"$(inherited)",
					/usr/local/Cellar/jpeg/8d/lib,
					/usr/local/Cellar/libpng/1.6.17/lib,
				);
				PRODUCT_NAME = "$(TARGET_NAME)";
			};
			name = Debug;
		};
		B29EF11D1BBFAEFA00888B3D /* Release */ = {
			isa = XCBuildConfiguration;
			buildSettings = {
				HEADER_SEARCH_PATHS = (
					"<Multiple",
					"values>",
					"/Users/renard/devel/textfairy/tess-two/tess-two/jni/com_googlecode_leptonica_android/src/src",
				);
				LIBRARY_SEARCH_PATHS = (
					"$(inherited)",
					/usr/local/Cellar/jpeg/8d/lib,
					/usr/local/Cellar/libpng/1.6.17/lib,
				);
				PRODUCT_NAME = "$(TARGET_NAME)";
			};
			name = Release;
		};
/* End XCBuildConfiguration section */

/* Begin XCConfigurationList section */
		B29EF10F1BBFAEFA00888B3D /* Build configuration list for PBXProject "ImageProcessing" */ = {
			isa = XCConfigurationList;
			buildConfigurations = (
				B29EF1191BBFAEFA00888B3D /* Debug */,
				B29EF11A1BBFAEFA00888B3D /* Release */,
			);
			defaultConfigurationIsVisible = 0;
			defaultConfigurationName = Release;
		};
		B29EF11B1BBFAEFA00888B3D /* Build configuration list for PBXNativeTarget "ImageProcessing" */ = {
			isa = XCConfigurationList;
			buildConfigurations = (
				B29EF11C1BBFAEFA00888B3D /* Debug */,
				B29EF11D1BBFAEFA00888B3D /* Release */,
			);
			defaultConfigurationIsVisible = 0;
			defaultConfigurationName = Release;
		};
/* End XCConfigurationList section */
	};
	rootObject = B29EF10C1BBFAEFA00888B3D /* Project object */;
}
